// !$*UTF8*$!
{
	archiveVersion = 1;
	classes = {
	};
	objectVersion = 56;
	objects = {

/* Begin PBXBuildFile section */
		09B65E491BD62034DE8375C2 /* Pods_Dishly.framework in Frameworks */ = {isa = PBXBuildFile; fileRef = CA1C145446A00BC5402957FC /* Pods_Dishly.framework */; };
		85C1B65B2A39FE5700BEAF2F /* AppDelegate.swift in Sources */ = {isa = PBXBuildFile; fileRef = 85C1B65A2A39FE5700BEAF2F /* AppDelegate.swift */; };
		85C1B65D2A39FE5700BEAF2F /* SceneDelegate.swift in Sources */ = {isa = PBXBuildFile; fileRef = 85C1B65C2A39FE5700BEAF2F /* SceneDelegate.swift */; };
		85C1B6622A39FE5700BEAF2F /* Main.storyboard in Resources */ = {isa = PBXBuildFile; fileRef = 85C1B6602A39FE5700BEAF2F /* Main.storyboard */; };
		85C1B6642A39FE5800BEAF2F /* Assets.xcassets in Resources */ = {isa = PBXBuildFile; fileRef = 85C1B6632A39FE5800BEAF2F /* Assets.xcassets */; };
		85C1B6672A39FE5800BEAF2F /* LaunchScreen.storyboard in Resources */ = {isa = PBXBuildFile; fileRef = 85C1B6652A39FE5800BEAF2F /* LaunchScreen.storyboard */; };
		85C1B6E92A447E9E00BEAF2F /* MainTabBarController.swift in Sources */ = {isa = PBXBuildFile; fileRef = 85C1B6E82A447E9E00BEAF2F /* MainTabBarController.swift */; };
		85C1B6EB2A447EA500BEAF2F /* ExploreViewController.swift in Sources */ = {isa = PBXBuildFile; fileRef = 85C1B6EA2A447EA500BEAF2F /* ExploreViewController.swift */; };
		85C1B6ED2A447EAD00BEAF2F /* ProfileViewController.swift in Sources */ = {isa = PBXBuildFile; fileRef = 85C1B6EC2A447EAD00BEAF2F /* ProfileViewController.swift */; };
		85C1B6EF2A447ED900BEAF2F /* Recipe.swift in Sources */ = {isa = PBXBuildFile; fileRef = 85C1B6EE2A447ED900BEAF2F /* Recipe.swift */; };
		85C1B6F12A447EDD00BEAF2F /* User.swift in Sources */ = {isa = PBXBuildFile; fileRef = 85C1B6F02A447EDD00BEAF2F /* User.swift */; };
		85C1B6F32A447FC700BEAF2F /* AddViewController.swift in Sources */ = {isa = PBXBuildFile; fileRef = 85C1B6F22A447FC700BEAF2F /* AddViewController.swift */; };
		85C1B6F52A4483D400BEAF2F /* RecipeViewModel.swift in Sources */ = {isa = PBXBuildFile; fileRef = 85C1B6F42A4483D400BEAF2F /* RecipeViewModel.swift */; };
		85C1B6F82A4485AE00BEAF2F /* AuthServiceProtocol.swift in Sources */ = {isa = PBXBuildFile; fileRef = 85C1B6F72A4485AE00BEAF2F /* AuthServiceProtocol.swift */; };
		85C1B6FD2A44A00200BEAF2F /* RecipesService.swift in Sources */ = {isa = PBXBuildFile; fileRef = 85C1B6FC2A44A00200BEAF2F /* RecipesService.swift */; };
		85C1B6FF2A458CBE00BEAF2F /* CategoryCell.swift in Sources */ = {isa = PBXBuildFile; fileRef = 85C1B6FE2A458CBE00BEAF2F /* CategoryCell.swift */; };
		85C1B7032A458CF200BEAF2F /* TopCategoryCell.swift in Sources */ = {isa = PBXBuildFile; fileRef = 85C1B7022A458CF200BEAF2F /* TopCategoryCell.swift */; };
		85C1B7052A45A7AF00BEAF2F /* RecipeCell.swift in Sources */ = {isa = PBXBuildFile; fileRef = 85C1B7042A45A7AF00BEAF2F /* RecipeCell.swift */; };
		85C1B7072A45B71C00BEAF2F /* ParentCell.swift in Sources */ = {isa = PBXBuildFile; fileRef = 85C1B7062A45B71C00BEAF2F /* ParentCell.swift */; };
		85C1B7092A45CF9700BEAF2F /* ProfileOptionCell.swift in Sources */ = {isa = PBXBuildFile; fileRef = 85C1B7082A45CF9700BEAF2F /* ProfileOptionCell.swift */; };
		85C1B70B2A45D08E00BEAF2F /* SavedViewController.swift in Sources */ = {isa = PBXBuildFile; fileRef = 85C1B70A2A45D08E00BEAF2F /* SavedViewController.swift */; };
		85C1B70D2A45D11100BEAF2F /* ItemsHeader.swift in Sources */ = {isa = PBXBuildFile; fileRef = 85C1B70C2A45D11100BEAF2F /* ItemsHeader.swift */; };
		85C1B70F2A485A6900BEAF2F /* MealPlanViewController.swift in Sources */ = {isa = PBXBuildFile; fileRef = 85C1B70E2A485A6900BEAF2F /* MealPlanViewController.swift */; };
		85C1B7112A485B2300BEAF2F /* CartViewController.swift in Sources */ = {isa = PBXBuildFile; fileRef = 85C1B7102A485B2300BEAF2F /* CartViewController.swift */; };
		85C1B7152A48723200BEAF2F /* UserService.swift in Sources */ = {isa = PBXBuildFile; fileRef = 85C1B7142A48723200BEAF2F /* UserService.swift */; };
		85C1B7172A487C1C00BEAF2F /* MealCell.swift in Sources */ = {isa = PBXBuildFile; fileRef = 85C1B7162A487C1C00BEAF2F /* MealCell.swift */; };
		85C1B7192A4982EF00BEAF2F /* RecipeViewController.swift in Sources */ = {isa = PBXBuildFile; fileRef = 85C1B7182A4982EF00BEAF2F /* RecipeViewController.swift */; };
		85C1B71B2A49893B00BEAF2F /* UserViewModel.swift in Sources */ = {isa = PBXBuildFile; fileRef = 85C1B71A2A49893B00BEAF2F /* UserViewModel.swift */; };
		85C1B71D2A49942B00BEAF2F /* LogInViewController.swift in Sources */ = {isa = PBXBuildFile; fileRef = 85C1B71C2A49942B00BEAF2F /* LogInViewController.swift */; };
		85C1B71F2A49943300BEAF2F /* SignUpViewController.swift in Sources */ = {isa = PBXBuildFile; fileRef = 85C1B71E2A49943300BEAF2F /* SignUpViewController.swift */; };
		85C1B7212A49B96600BEAF2F /* AuthViewModel.swift in Sources */ = {isa = PBXBuildFile; fileRef = 85C1B7202A49B96600BEAF2F /* AuthViewModel.swift */; };
		85C1B7232A49BA3B00BEAF2F /* CustomTextField.swift in Sources */ = {isa = PBXBuildFile; fileRef = 85C1B7222A49BA3B00BEAF2F /* CustomTextField.swift */; };
		85C1B7272A4C26AD00BEAF2F /* EditProfileViewController.swift in Sources */ = {isa = PBXBuildFile; fileRef = 85C1B7262A4C26AD00BEAF2F /* EditProfileViewController.swift */; };
		85C1B7292A4C2B9B00BEAF2F /* ProfileInfoCell.swift in Sources */ = {isa = PBXBuildFile; fileRef = 85C1B7282A4C2B9B00BEAF2F /* ProfileInfoCell.swift */; };
		85C1B72B2A4D8F4C00BEAF2F /* GreetViewController.swift in Sources */ = {isa = PBXBuildFile; fileRef = 85C1B72A2A4D8F4C00BEAF2F /* GreetViewController.swift */; };
		85C1B72D2A4D969700BEAF2F /* UIButton.swift in Sources */ = {isa = PBXBuildFile; fileRef = 85C1B72C2A4D969700BEAF2F /* UIButton.swift */; };
		85C1B73B2A4DDF2E00BEAF2F /* GoogleService-Info.plist in Resources */ = {isa = PBXBuildFile; fileRef = 85C1B73A2A4DDF2E00BEAF2F /* GoogleService-Info.plist */; };
		85C1B73E2A4DE09500BEAF2F /* ImageUploader.swift in Sources */ = {isa = PBXBuildFile; fileRef = 85C1B73D2A4DE09500BEAF2F /* ImageUploader.swift */; };
		85C1B7402A4DE16700BEAF2F /* AuthCreds.swift in Sources */ = {isa = PBXBuildFile; fileRef = 85C1B73F2A4DE16700BEAF2F /* AuthCreds.swift */; };
/* End PBXBuildFile section */

/* Begin PBXFileReference section */
		84CC89D4F3A988B2F794987D /* Pods-Dishly.debug.xcconfig */ = {isa = PBXFileReference; includeInIndex = 1; lastKnownFileType = text.xcconfig; name = "Pods-Dishly.debug.xcconfig"; path = "Target Support Files/Pods-Dishly/Pods-Dishly.debug.xcconfig"; sourceTree = "<group>"; };
		85C1B6572A39FE5700BEAF2F /* Dishly.app */ = {isa = PBXFileReference; explicitFileType = wrapper.application; includeInIndex = 0; path = Dishly.app; sourceTree = BUILT_PRODUCTS_DIR; };
		85C1B65A2A39FE5700BEAF2F /* AppDelegate.swift */ = {isa = PBXFileReference; lastKnownFileType = sourcecode.swift; path = AppDelegate.swift; sourceTree = "<group>"; };
		85C1B65C2A39FE5700BEAF2F /* SceneDelegate.swift */ = {isa = PBXFileReference; lastKnownFileType = sourcecode.swift; path = SceneDelegate.swift; sourceTree = "<group>"; };
		85C1B6612A39FE5700BEAF2F /* Base */ = {isa = PBXFileReference; lastKnownFileType = file.storyboard; name = Base; path = Base.lproj/Main.storyboard; sourceTree = "<group>"; };
		85C1B6632A39FE5800BEAF2F /* Assets.xcassets */ = {isa = PBXFileReference; lastKnownFileType = folder.assetcatalog; path = Assets.xcassets; sourceTree = "<group>"; };
		85C1B6662A39FE5800BEAF2F /* Base */ = {isa = PBXFileReference; lastKnownFileType = file.storyboard; name = Base; path = Base.lproj/LaunchScreen.storyboard; sourceTree = "<group>"; };
		85C1B6682A39FE5800BEAF2F /* Info.plist */ = {isa = PBXFileReference; lastKnownFileType = text.plist.xml; path = Info.plist; sourceTree = "<group>"; };
		85C1B6E82A447E9E00BEAF2F /* MainTabBarController.swift */ = {isa = PBXFileReference; lastKnownFileType = sourcecode.swift; path = MainTabBarController.swift; sourceTree = "<group>"; };
		85C1B6EA2A447EA500BEAF2F /* ExploreViewController.swift */ = {isa = PBXFileReference; lastKnownFileType = sourcecode.swift; path = ExploreViewController.swift; sourceTree = "<group>"; };
		85C1B6EC2A447EAD00BEAF2F /* ProfileViewController.swift */ = {isa = PBXFileReference; lastKnownFileType = sourcecode.swift; path = ProfileViewController.swift; sourceTree = "<group>"; };
		85C1B6EE2A447ED900BEAF2F /* Recipe.swift */ = {isa = PBXFileReference; lastKnownFileType = sourcecode.swift; path = Recipe.swift; sourceTree = "<group>"; };
		85C1B6F02A447EDD00BEAF2F /* User.swift */ = {isa = PBXFileReference; lastKnownFileType = sourcecode.swift; path = User.swift; sourceTree = "<group>"; };
		85C1B6F22A447FC700BEAF2F /* AddViewController.swift */ = {isa = PBXFileReference; lastKnownFileType = sourcecode.swift; path = AddViewController.swift; sourceTree = "<group>"; };
		85C1B6F42A4483D400BEAF2F /* RecipeViewModel.swift */ = {isa = PBXFileReference; lastKnownFileType = sourcecode.swift; path = RecipeViewModel.swift; sourceTree = "<group>"; };
		85C1B6F72A4485AE00BEAF2F /* AuthServiceProtocol.swift */ = {isa = PBXFileReference; lastKnownFileType = sourcecode.swift; path = AuthServiceProtocol.swift; sourceTree = "<group>"; };
		85C1B6FC2A44A00200BEAF2F /* RecipesService.swift */ = {isa = PBXFileReference; lastKnownFileType = sourcecode.swift; path = RecipesService.swift; sourceTree = "<group>"; };
		85C1B6FE2A458CBE00BEAF2F /* CategoryCell.swift */ = {isa = PBXFileReference; lastKnownFileType = sourcecode.swift; path = CategoryCell.swift; sourceTree = "<group>"; };
		85C1B7022A458CF200BEAF2F /* TopCategoryCell.swift */ = {isa = PBXFileReference; lastKnownFileType = sourcecode.swift; path = TopCategoryCell.swift; sourceTree = "<group>"; };
		85C1B7042A45A7AF00BEAF2F /* RecipeCell.swift */ = {isa = PBXFileReference; lastKnownFileType = sourcecode.swift; path = RecipeCell.swift; sourceTree = "<group>"; };
		85C1B7062A45B71C00BEAF2F /* ParentCell.swift */ = {isa = PBXFileReference; lastKnownFileType = sourcecode.swift; path = ParentCell.swift; sourceTree = "<group>"; };
		85C1B7082A45CF9700BEAF2F /* ProfileOptionCell.swift */ = {isa = PBXFileReference; lastKnownFileType = sourcecode.swift; path = ProfileOptionCell.swift; sourceTree = "<group>"; };
		85C1B70A2A45D08E00BEAF2F /* SavedViewController.swift */ = {isa = PBXFileReference; lastKnownFileType = sourcecode.swift; path = SavedViewController.swift; sourceTree = "<group>"; };
		85C1B70C2A45D11100BEAF2F /* ItemsHeader.swift */ = {isa = PBXFileReference; lastKnownFileType = sourcecode.swift; path = ItemsHeader.swift; sourceTree = "<group>"; };
		85C1B70E2A485A6900BEAF2F /* MealPlanViewController.swift */ = {isa = PBXFileReference; lastKnownFileType = sourcecode.swift; path = MealPlanViewController.swift; sourceTree = "<group>"; };
		85C1B7102A485B2300BEAF2F /* CartViewController.swift */ = {isa = PBXFileReference; lastKnownFileType = sourcecode.swift; path = CartViewController.swift; sourceTree = "<group>"; };
		85C1B7142A48723200BEAF2F /* UserService.swift */ = {isa = PBXFileReference; lastKnownFileType = sourcecode.swift; path = UserService.swift; sourceTree = "<group>"; };
		85C1B7162A487C1C00BEAF2F /* MealCell.swift */ = {isa = PBXFileReference; lastKnownFileType = sourcecode.swift; path = MealCell.swift; sourceTree = "<group>"; };
		85C1B7182A4982EF00BEAF2F /* RecipeViewController.swift */ = {isa = PBXFileReference; lastKnownFileType = sourcecode.swift; path = RecipeViewController.swift; sourceTree = "<group>"; };
		85C1B71A2A49893B00BEAF2F /* UserViewModel.swift */ = {isa = PBXFileReference; lastKnownFileType = sourcecode.swift; path = UserViewModel.swift; sourceTree = "<group>"; };
		85C1B71C2A49942B00BEAF2F /* LogInViewController.swift */ = {isa = PBXFileReference; lastKnownFileType = sourcecode.swift; path = LogInViewController.swift; sourceTree = "<group>"; };
		85C1B71E2A49943300BEAF2F /* SignUpViewController.swift */ = {isa = PBXFileReference; lastKnownFileType = sourcecode.swift; path = SignUpViewController.swift; sourceTree = "<group>"; };
		85C1B7202A49B96600BEAF2F /* AuthViewModel.swift */ = {isa = PBXFileReference; lastKnownFileType = sourcecode.swift; path = AuthViewModel.swift; sourceTree = "<group>"; };
		85C1B7222A49BA3B00BEAF2F /* CustomTextField.swift */ = {isa = PBXFileReference; lastKnownFileType = sourcecode.swift; path = CustomTextField.swift; sourceTree = "<group>"; };
		85C1B7262A4C26AD00BEAF2F /* EditProfileViewController.swift */ = {isa = PBXFileReference; lastKnownFileType = sourcecode.swift; path = EditProfileViewController.swift; sourceTree = "<group>"; };
		85C1B7282A4C2B9B00BEAF2F /* ProfileInfoCell.swift */ = {isa = PBXFileReference; lastKnownFileType = sourcecode.swift; path = ProfileInfoCell.swift; sourceTree = "<group>"; };
		85C1B72A2A4D8F4C00BEAF2F /* GreetViewController.swift */ = {isa = PBXFileReference; lastKnownFileType = sourcecode.swift; path = GreetViewController.swift; sourceTree = "<group>"; };
		85C1B72C2A4D969700BEAF2F /* UIButton.swift */ = {isa = PBXFileReference; lastKnownFileType = sourcecode.swift; path = UIButton.swift; sourceTree = "<group>"; };
		85C1B73A2A4DDF2E00BEAF2F /* GoogleService-Info.plist */ = {isa = PBXFileReference; lastKnownFileType = text.plist; path = "GoogleService-Info.plist"; sourceTree = SOURCE_ROOT; };
		85C1B73D2A4DE09500BEAF2F /* ImageUploader.swift */ = {isa = PBXFileReference; lastKnownFileType = sourcecode.swift; path = ImageUploader.swift; sourceTree = "<group>"; };
		85C1B73F2A4DE16700BEAF2F /* AuthCreds.swift */ = {isa = PBXFileReference; lastKnownFileType = sourcecode.swift; path = AuthCreds.swift; sourceTree = "<group>"; };
		C37B7E4D901A1FF8C3C4D501 /* Pods-Dishly.release.xcconfig */ = {isa = PBXFileReference; includeInIndex = 1; lastKnownFileType = text.xcconfig; name = "Pods-Dishly.release.xcconfig"; path = "Target Support Files/Pods-Dishly/Pods-Dishly.release.xcconfig"; sourceTree = "<group>"; };
		CA1C145446A00BC5402957FC /* Pods_Dishly.framework */ = {isa = PBXFileReference; explicitFileType = wrapper.framework; includeInIndex = 0; path = Pods_Dishly.framework; sourceTree = BUILT_PRODUCTS_DIR; };
/* End PBXFileReference section */

/* Begin PBXFrameworksBuildPhase section */
		85C1B6542A39FE5700BEAF2F /* Frameworks */ = {
			isa = PBXFrameworksBuildPhase;
			buildActionMask = 2147483647;
			files = (
				09B65E491BD62034DE8375C2 /* Pods_Dishly.framework in Frameworks */,
			);
			runOnlyForDeploymentPostprocessing = 0;
		};
/* End PBXFrameworksBuildPhase section */

/* Begin PBXGroup section */
		85C1B64E2A39FE5700BEAF2F = {
			isa = PBXGroup;
			children = (
				85C1B6592A39FE5700BEAF2F /* Dishly */,
				85C1B6582A39FE5700BEAF2F /* Products */,
				C944DCB2AA2C8D31EDF5EB5C /* Pods */,
				9248CECA03FD882F7C2C2728 /* Frameworks */,
			);
			sourceTree = "<group>";
		};
		85C1B6582A39FE5700BEAF2F /* Products */ = {
			isa = PBXGroup;
			children = (
				85C1B6572A39FE5700BEAF2F /* Dishly.app */,
			);
			name = Products;
			sourceTree = "<group>";
		};
		85C1B6592A39FE5700BEAF2F /* Dishly */ = {
			isa = PBXGroup;
			children = (
				85C1B73C2A4DE08000BEAF2F /* Helpers */,
				85C1B6E72A447CAB00BEAF2F /* Support */,
				85C1B6F62A44858700BEAF2F /* Services */,
				85C1B6E52A447C9A00BEAF2F /* View-Model */,
				85C1B6E42A447C9500BEAF2F /* View */,
				85C1B6E32A447C8C00BEAF2F /* Model */,
				85C1B6FA2A4485C700BEAF2F /* Extensions */,
				85C1B6F92A4485BF00BEAF2F /* Utilities */,
				85C1B6652A39FE5800BEAF2F /* LaunchScreen.storyboard */,
				85C1B73A2A4DDF2E00BEAF2F /* GoogleService-Info.plist */,
				85C1B6632A39FE5800BEAF2F /* Assets.xcassets */,
				85C1B6602A39FE5700BEAF2F /* Main.storyboard */,
				85C1B6682A39FE5800BEAF2F /* Info.plist */,
			);
			path = Dishly;
			sourceTree = "<group>";
		};
		85C1B6E32A447C8C00BEAF2F /* Model */ = {
			isa = PBXGroup;
			children = (
				85C1B6EE2A447ED900BEAF2F /* Recipe.swift */,
				85C1B6F02A447EDD00BEAF2F /* User.swift */,
			);
			path = Model;
			sourceTree = "<group>";
		};
		85C1B6E42A447C9500BEAF2F /* View */ = {
			isa = PBXGroup;
			children = (
				85C1B6FB2A44862500BEAF2F /* Cells */,
				85C1B6E62A447CA100BEAF2F /* ViewControllers */,
				85C1B70C2A45D11100BEAF2F /* ItemsHeader.swift */,
			);
			path = View;
			sourceTree = "<group>";
		};
		85C1B6E52A447C9A00BEAF2F /* View-Model */ = {
			isa = PBXGroup;
			children = (
				85C1B6F42A4483D400BEAF2F /* RecipeViewModel.swift */,
				85C1B71A2A49893B00BEAF2F /* UserViewModel.swift */,
				85C1B7202A49B96600BEAF2F /* AuthViewModel.swift */,
			);
			path = "View-Model";
			sourceTree = "<group>";
		};
		85C1B6E62A447CA100BEAF2F /* ViewControllers */ = {
			isa = PBXGroup;
			children = (
				85C1B6E82A447E9E00BEAF2F /* MainTabBarController.swift */,
				85C1B6EA2A447EA500BEAF2F /* ExploreViewController.swift */,
				85C1B6EC2A447EAD00BEAF2F /* ProfileViewController.swift */,
				85C1B6F22A447FC700BEAF2F /* AddViewController.swift */,
				85C1B70A2A45D08E00BEAF2F /* SavedViewController.swift */,
				85C1B70E2A485A6900BEAF2F /* MealPlanViewController.swift */,
				85C1B7102A485B2300BEAF2F /* CartViewController.swift */,
				85C1B7182A4982EF00BEAF2F /* RecipeViewController.swift */,
				85C1B71C2A49942B00BEAF2F /* LogInViewController.swift */,
				85C1B71E2A49943300BEAF2F /* SignUpViewController.swift */,
				85C1B7262A4C26AD00BEAF2F /* EditProfileViewController.swift */,
				85C1B72A2A4D8F4C00BEAF2F /* GreetViewController.swift */,
			);
			path = ViewControllers;
			sourceTree = "<group>";
		};
		85C1B6E72A447CAB00BEAF2F /* Support */ = {
			isa = PBXGroup;
			children = (
				85C1B65C2A39FE5700BEAF2F /* SceneDelegate.swift */,
				85C1B65A2A39FE5700BEAF2F /* AppDelegate.swift */,
			);
			path = Support;
			sourceTree = "<group>";
		};
		85C1B6F62A44858700BEAF2F /* Services */ = {
			isa = PBXGroup;
			children = (
				85C1B6F72A4485AE00BEAF2F /* AuthServiceProtocol.swift */,
				85C1B6FC2A44A00200BEAF2F /* RecipesService.swift */,
				85C1B7142A48723200BEAF2F /* UserService.swift */,
			);
			path = Services;
			sourceTree = "<group>";
		};
		85C1B6F92A4485BF00BEAF2F /* Utilities */ = {
			isa = PBXGroup;
			children = (
				85C1B7222A49BA3B00BEAF2F /* CustomTextField.swift */,
			);
			path = Utilities;
			sourceTree = "<group>";
		};
		85C1B6FA2A4485C700BEAF2F /* Extensions */ = {
			isa = PBXGroup;
			children = (
				85C1B72C2A4D969700BEAF2F /* UIButton.swift */,
			);
			path = Extensions;
			sourceTree = "<group>";
		};
		85C1B6FB2A44862500BEAF2F /* Cells */ = {
			isa = PBXGroup;
			children = (
				85C1B6FE2A458CBE00BEAF2F /* CategoryCell.swift */,
				85C1B7022A458CF200BEAF2F /* TopCategoryCell.swift */,
				85C1B7042A45A7AF00BEAF2F /* RecipeCell.swift */,
				85C1B7062A45B71C00BEAF2F /* ParentCell.swift */,
				85C1B7082A45CF9700BEAF2F /* ProfileOptionCell.swift */,
				85C1B7162A487C1C00BEAF2F /* MealCell.swift */,
				85C1B7282A4C2B9B00BEAF2F /* ProfileInfoCell.swift */,
			);
			path = Cells;
			sourceTree = "<group>";
		};
		85C1B73C2A4DE08000BEAF2F /* Helpers */ = {
			isa = PBXGroup;
			children = (
				85C1B73D2A4DE09500BEAF2F /* ImageUploader.swift */,
				85C1B73F2A4DE16700BEAF2F /* AuthCreds.swift */,
			);
			path = Helpers;
			sourceTree = "<group>";
		};
		9248CECA03FD882F7C2C2728 /* Frameworks */ = {
			isa = PBXGroup;
			children = (
				CA1C145446A00BC5402957FC /* Pods_Dishly.framework */,
			);
			name = Frameworks;
			sourceTree = "<group>";
		};
		C944DCB2AA2C8D31EDF5EB5C /* Pods */ = {
			isa = PBXGroup;
			children = (
				84CC89D4F3A988B2F794987D /* Pods-Dishly.debug.xcconfig */,
				C37B7E4D901A1FF8C3C4D501 /* Pods-Dishly.release.xcconfig */,
			);
			path = Pods;
			sourceTree = "<group>";
		};
/* End PBXGroup section */

/* Begin PBXNativeTarget section */
		85C1B6562A39FE5700BEAF2F /* Dishly */ = {
			isa = PBXNativeTarget;
			buildConfigurationList = 85C1B66B2A39FE5800BEAF2F /* Build configuration list for PBXNativeTarget "Dishly" */;
			buildPhases = (
				C75EC7E42AD14C4D1450FB0F /* [CP] Check Pods Manifest.lock */,
				85C1B6532A39FE5700BEAF2F /* Sources */,
				85C1B6542A39FE5700BEAF2F /* Frameworks */,
				85C1B6552A39FE5700BEAF2F /* Resources */,
				96C553C1253EDD2A608082E8 /* [CP] Embed Pods Frameworks */,
			);
			buildRules = (
			);
			dependencies = (
			);
			name = Dishly;
			productName = Dishly;
			productReference = 85C1B6572A39FE5700BEAF2F /* Dishly.app */;
			productType = "com.apple.product-type.application";
		};
/* End PBXNativeTarget section */

/* Begin PBXProject section */
		85C1B64F2A39FE5700BEAF2F /* Project object */ = {
			isa = PBXProject;
			attributes = {
				BuildIndependentTargetsInParallel = 1;
				LastSwiftUpdateCheck = 1430;
				LastUpgradeCheck = 1430;
				TargetAttributes = {
					85C1B6562A39FE5700BEAF2F = {
						CreatedOnToolsVersion = 14.3.1;
					};
				};
			};
			buildConfigurationList = 85C1B6522A39FE5700BEAF2F /* Build configuration list for PBXProject "Dishly" */;
			compatibilityVersion = "Xcode 14.0";
			developmentRegion = en;
			hasScannedForEncodings = 0;
			knownRegions = (
				en,
				Base,
			);
			mainGroup = 85C1B64E2A39FE5700BEAF2F;
			productRefGroup = 85C1B6582A39FE5700BEAF2F /* Products */;
			projectDirPath = "";
			projectRoot = "";
			targets = (
				85C1B6562A39FE5700BEAF2F /* Dishly */,
			);
		};
/* End PBXProject section */

/* Begin PBXResourcesBuildPhase section */
		85C1B6552A39FE5700BEAF2F /* Resources */ = {
			isa = PBXResourcesBuildPhase;
			buildActionMask = 2147483647;
			files = (
				85C1B6672A39FE5800BEAF2F /* LaunchScreen.storyboard in Resources */,
				85C1B73B2A4DDF2E00BEAF2F /* GoogleService-Info.plist in Resources */,
				85C1B6642A39FE5800BEAF2F /* Assets.xcassets in Resources */,
				85C1B6622A39FE5700BEAF2F /* Main.storyboard in Resources */,
			);
			runOnlyForDeploymentPostprocessing = 0;
		};
/* End PBXResourcesBuildPhase section */

/* Begin PBXShellScriptBuildPhase section */
		96C553C1253EDD2A608082E8 /* [CP] Embed Pods Frameworks */ = {
			isa = PBXShellScriptBuildPhase;
			buildActionMask = 2147483647;
			files = (
			);
			inputFileListPaths = (
				"${PODS_ROOT}/Target Support Files/Pods-Dishly/Pods-Dishly-frameworks-${CONFIGURATION}-input-files.xcfilelist",
			);
			name = "[CP] Embed Pods Frameworks";
			outputFileListPaths = (
				"${PODS_ROOT}/Target Support Files/Pods-Dishly/Pods-Dishly-frameworks-${CONFIGURATION}-output-files.xcfilelist",
			);
			runOnlyForDeploymentPostprocessing = 0;
			shellPath = /bin/sh;
			shellScript = "\"${PODS_ROOT}/Target Support Files/Pods-Dishly/Pods-Dishly-frameworks.sh\"\n";
			showEnvVarsInLog = 0;
		};
		C75EC7E42AD14C4D1450FB0F /* [CP] Check Pods Manifest.lock */ = {
			isa = PBXShellScriptBuildPhase;
			buildActionMask = 2147483647;
			files = (
			);
			inputFileListPaths = (
			);
			inputPaths = (
				"${PODS_PODFILE_DIR_PATH}/Podfile.lock",
				"${PODS_ROOT}/Manifest.lock",
			);
			name = "[CP] Check Pods Manifest.lock";
			outputFileListPaths = (
			);
			outputPaths = (
				"$(DERIVED_FILE_DIR)/Pods-Dishly-checkManifestLockResult.txt",
			);
			runOnlyForDeploymentPostprocessing = 0;
			shellPath = /bin/sh;
			shellScript = "diff \"${PODS_PODFILE_DIR_PATH}/Podfile.lock\" \"${PODS_ROOT}/Manifest.lock\" > /dev/null\nif [ $? != 0 ] ; then\n    # print error to STDERR\n    echo \"error: The sandbox is not in sync with the Podfile.lock. Run 'pod install' or update your CocoaPods installation.\" >&2\n    exit 1\nfi\n# This output is used by Xcode 'outputs' to avoid re-running this script phase.\necho \"SUCCESS\" > \"${SCRIPT_OUTPUT_FILE_0}\"\n";
			showEnvVarsInLog = 0;
		};
/* End PBXShellScriptBuildPhase section */

/* Begin PBXSourcesBuildPhase section */
		85C1B6532A39FE5700BEAF2F /* Sources */ = {
			isa = PBXSourcesBuildPhase;
			buildActionMask = 2147483647;
			files = (
				85C1B7232A49BA3B00BEAF2F /* CustomTextField.swift in Sources */,
				85C1B6ED2A447EAD00BEAF2F /* ProfileViewController.swift in Sources */,
				85C1B71B2A49893B00BEAF2F /* UserViewModel.swift in Sources */,
				85C1B7402A4DE16700BEAF2F /* AuthCreds.swift in Sources */,
				85C1B72D2A4D969700BEAF2F /* UIButton.swift in Sources */,
				85C1B7032A458CF200BEAF2F /* TopCategoryCell.swift in Sources */,
				85C1B6F52A4483D400BEAF2F /* RecipeViewModel.swift in Sources */,
				85C1B7052A45A7AF00BEAF2F /* RecipeCell.swift in Sources */,
				85C1B6EF2A447ED900BEAF2F /* Recipe.swift in Sources */,
				85C1B6F32A447FC700BEAF2F /* AddViewController.swift in Sources */,
				85C1B70F2A485A6900BEAF2F /* MealPlanViewController.swift in Sources */,
				85C1B7272A4C26AD00BEAF2F /* EditProfileViewController.swift in Sources */,
				85C1B65B2A39FE5700BEAF2F /* AppDelegate.swift in Sources */,
				85C1B72B2A4D8F4C00BEAF2F /* GreetViewController.swift in Sources */,
				85C1B6F12A447EDD00BEAF2F /* User.swift in Sources */,
				85C1B73E2A4DE09500BEAF2F /* ImageUploader.swift in Sources */,
				85C1B6FD2A44A00200BEAF2F /* RecipesService.swift in Sources */,
				85C1B6EB2A447EA500BEAF2F /* ExploreViewController.swift in Sources */,
				85C1B6F82A4485AE00BEAF2F /* AuthServiceProtocol.swift in Sources */,
				85C1B7112A485B2300BEAF2F /* CartViewController.swift in Sources */,
				85C1B7072A45B71C00BEAF2F /* ParentCell.swift in Sources */,
				85C1B7152A48723200BEAF2F /* UserService.swift in Sources */,
				85C1B7092A45CF9700BEAF2F /* ProfileOptionCell.swift in Sources */,
				85C1B7212A49B96600BEAF2F /* AuthViewModel.swift in Sources */,
				85C1B7172A487C1C00BEAF2F /* MealCell.swift in Sources */,
				85C1B70B2A45D08E00BEAF2F /* SavedViewController.swift in Sources */,
				85C1B7192A4982EF00BEAF2F /* RecipeViewController.swift in Sources */,
				85C1B6E92A447E9E00BEAF2F /* MainTabBarController.swift in Sources */,
				85C1B65D2A39FE5700BEAF2F /* SceneDelegate.swift in Sources */,
				85C1B6FF2A458CBE00BEAF2F /* CategoryCell.swift in Sources */,
				85C1B71D2A49942B00BEAF2F /* LogInViewController.swift in Sources */,
				85C1B71F2A49943300BEAF2F /* SignUpViewController.swift in Sources */,
				85C1B70D2A45D11100BEAF2F /* ItemsHeader.swift in Sources */,
				85C1B7292A4C2B9B00BEAF2F /* ProfileInfoCell.swift in Sources */,
			);
			runOnlyForDeploymentPostprocessing = 0;
		};
/* End PBXSourcesBuildPhase section */

/* Begin PBXVariantGroup section */
		85C1B6602A39FE5700BEAF2F /* Main.storyboard */ = {
			isa = PBXVariantGroup;
			children = (
				85C1B6612A39FE5700BEAF2F /* Base */,
			);
			name = Main.storyboard;
			sourceTree = "<group>";
		};
		85C1B6652A39FE5800BEAF2F /* LaunchScreen.storyboard */ = {
			isa = PBXVariantGroup;
			children = (
				85C1B6662A39FE5800BEAF2F /* Base */,
			);
			name = LaunchScreen.storyboard;
			sourceTree = "<group>";
		};
/* End PBXVariantGroup section */

/* Begin XCBuildConfiguration section */
		85C1B6692A39FE5800BEAF2F /* Debug */ = {
			isa = XCBuildConfiguration;
			buildSettings = {
				ALWAYS_SEARCH_USER_PATHS = NO;
				CLANG_ANALYZER_NONNULL = YES;
				CLANG_ANALYZER_NUMBER_OBJECT_CONVERSION = YES_AGGRESSIVE;
				CLANG_CXX_LANGUAGE_STANDARD = "gnu++20";
				CLANG_ENABLE_MODULES = YES;
				CLANG_ENABLE_OBJC_ARC = YES;
				CLANG_ENABLE_OBJC_WEAK = YES;
				CLANG_WARN_BLOCK_CAPTURE_AUTORELEASING = YES;
				CLANG_WARN_BOOL_CONVERSION = YES;
				CLANG_WARN_COMMA = YES;
				CLANG_WARN_CONSTANT_CONVERSION = YES;
				CLANG_WARN_DEPRECATED_OBJC_IMPLEMENTATIONS = YES;
				CLANG_WARN_DIRECT_OBJC_ISA_USAGE = YES_ERROR;
				CLANG_WARN_DOCUMENTATION_COMMENTS = YES;
				CLANG_WARN_EMPTY_BODY = YES;
				CLANG_WARN_ENUM_CONVERSION = YES;
				CLANG_WARN_INFINITE_RECURSION = YES;
				CLANG_WARN_INT_CONVERSION = YES;
				CLANG_WARN_NON_LITERAL_NULL_CONVERSION = YES;
				CLANG_WARN_OBJC_IMPLICIT_RETAIN_SELF = YES;
				CLANG_WARN_OBJC_LITERAL_CONVERSION = YES;
				CLANG_WARN_OBJC_ROOT_CLASS = YES_ERROR;
				CLANG_WARN_QUOTED_INCLUDE_IN_FRAMEWORK_HEADER = YES;
				CLANG_WARN_RANGE_LOOP_ANALYSIS = YES;
				CLANG_WARN_STRICT_PROTOTYPES = YES;
				CLANG_WARN_SUSPICIOUS_MOVE = YES;
				CLANG_WARN_UNGUARDED_AVAILABILITY = YES_AGGRESSIVE;
				CLANG_WARN_UNREACHABLE_CODE = YES;
				CLANG_WARN__DUPLICATE_METHOD_MATCH = YES;
				COPY_PHASE_STRIP = NO;
				DEBUG_INFORMATION_FORMAT = dwarf;
				ENABLE_STRICT_OBJC_MSGSEND = YES;
				ENABLE_TESTABILITY = YES;
				GCC_C_LANGUAGE_STANDARD = gnu11;
				GCC_DYNAMIC_NO_PIC = NO;
				GCC_NO_COMMON_BLOCKS = YES;
				GCC_OPTIMIZATION_LEVEL = 0;
				GCC_PREPROCESSOR_DEFINITIONS = (
					"DEBUG=1",
					"$(inherited)",
				);
				GCC_WARN_64_TO_32_BIT_CONVERSION = YES;
				GCC_WARN_ABOUT_RETURN_TYPE = YES_ERROR;
				GCC_WARN_UNDECLARED_SELECTOR = YES;
				GCC_WARN_UNINITIALIZED_AUTOS = YES_AGGRESSIVE;
				GCC_WARN_UNUSED_FUNCTION = YES;
				GCC_WARN_UNUSED_VARIABLE = YES;
				IPHONEOS_DEPLOYMENT_TARGET = 16.4;
				MTL_ENABLE_DEBUG_INFO = INCLUDE_SOURCE;
				MTL_FAST_MATH = YES;
				ONLY_ACTIVE_ARCH = YES;
				SDKROOT = iphoneos;
				SWIFT_ACTIVE_COMPILATION_CONDITIONS = DEBUG;
				SWIFT_OPTIMIZATION_LEVEL = "-Onone";
			};
			name = Debug;
		};
		85C1B66A2A39FE5800BEAF2F /* Release */ = {
			isa = XCBuildConfiguration;
			buildSettings = {
				ALWAYS_SEARCH_USER_PATHS = NO;
				CLANG_ANALYZER_NONNULL = YES;
				CLANG_ANALYZER_NUMBER_OBJECT_CONVERSION = YES_AGGRESSIVE;
				CLANG_CXX_LANGUAGE_STANDARD = "gnu++20";
				CLANG_ENABLE_MODULES = YES;
				CLANG_ENABLE_OBJC_ARC = YES;
				CLANG_ENABLE_OBJC_WEAK = YES;
				CLANG_WARN_BLOCK_CAPTURE_AUTORELEASING = YES;
				CLANG_WARN_BOOL_CONVERSION = YES;
				CLANG_WARN_COMMA = YES;
				CLANG_WARN_CONSTANT_CONVERSION = YES;
				CLANG_WARN_DEPRECATED_OBJC_IMPLEMENTATIONS = YES;
				CLANG_WARN_DIRECT_OBJC_ISA_USAGE = YES_ERROR;
				CLANG_WARN_DOCUMENTATION_COMMENTS = YES;
				CLANG_WARN_EMPTY_BODY = YES;
				CLANG_WARN_ENUM_CONVERSION = YES;
				CLANG_WARN_INFINITE_RECURSION = YES;
				CLANG_WARN_INT_CONVERSION = YES;
				CLANG_WARN_NON_LITERAL_NULL_CONVERSION = YES;
				CLANG_WARN_OBJC_IMPLICIT_RETAIN_SELF = YES;
				CLANG_WARN_OBJC_LITERAL_CONVERSION = YES;
				CLANG_WARN_OBJC_ROOT_CLASS = YES_ERROR;
				CLANG_WARN_QUOTED_INCLUDE_IN_FRAMEWORK_HEADER = YES;
				CLANG_WARN_RANGE_LOOP_ANALYSIS = YES;
				CLANG_WARN_STRICT_PROTOTYPES = YES;
				CLANG_WARN_SUSPICIOUS_MOVE = YES;
				CLANG_WARN_UNGUARDED_AVAILABILITY = YES_AGGRESSIVE;
				CLANG_WARN_UNREACHABLE_CODE = YES;
				CLANG_WARN__DUPLICATE_METHOD_MATCH = YES;
				COPY_PHASE_STRIP = NO;
				DEBUG_INFORMATION_FORMAT = "dwarf-with-dsym";
				ENABLE_NS_ASSERTIONS = NO;
				ENABLE_STRICT_OBJC_MSGSEND = YES;
				GCC_C_LANGUAGE_STANDARD = gnu11;
				GCC_NO_COMMON_BLOCKS = YES;
				GCC_WARN_64_TO_32_BIT_CONVERSION = YES;
				GCC_WARN_ABOUT_RETURN_TYPE = YES_ERROR;
				GCC_WARN_UNDECLARED_SELECTOR = YES;
				GCC_WARN_UNINITIALIZED_AUTOS = YES_AGGRESSIVE;
				GCC_WARN_UNUSED_FUNCTION = YES;
				GCC_WARN_UNUSED_VARIABLE = YES;
				IPHONEOS_DEPLOYMENT_TARGET = 16.4;
				MTL_ENABLE_DEBUG_INFO = NO;
				MTL_FAST_MATH = YES;
				SDKROOT = iphoneos;
				SWIFT_COMPILATION_MODE = wholemodule;
				SWIFT_OPTIMIZATION_LEVEL = "-O";
				VALIDATE_PRODUCT = YES;
			};
			name = Release;
		};
		85C1B66C2A39FE5800BEAF2F /* Debug */ = {
			isa = XCBuildConfiguration;
			baseConfigurationReference = 84CC89D4F3A988B2F794987D /* Pods-Dishly.debug.xcconfig */;
			buildSettings = {
				ASSETCATALOG_COMPILER_APPICON_NAME = AppIcon;
				ASSETCATALOG_COMPILER_GLOBAL_ACCENT_COLOR_NAME = AccentColor;
				CODE_SIGN_STYLE = Automatic;
				CURRENT_PROJECT_VERSION = 1;
				DEVELOPMENT_TEAM = PNL8X2N9J2;
				GENERATE_INFOPLIST_FILE = YES;
				INFOPLIST_FILE = Dishly/Info.plist;
				INFOPLIST_KEY_UIApplicationSupportsIndirectInputEvents = YES;
				INFOPLIST_KEY_UILaunchStoryboardName = LaunchScreen;
				INFOPLIST_KEY_UIMainStoryboardFile = Main;
				INFOPLIST_KEY_UISupportedInterfaceOrientations_iPad = "UIInterfaceOrientationPortrait UIInterfaceOrientationPortraitUpsideDown UIInterfaceOrientationLandscapeLeft UIInterfaceOrientationLandscapeRight";
				INFOPLIST_KEY_UISupportedInterfaceOrientations_iPhone = "UIInterfaceOrientationPortrait UIInterfaceOrientationLandscapeLeft UIInterfaceOrientationLandscapeRight";
				LD_RUNPATH_SEARCH_PATHS = (
					"$(inherited)",
					"@executable_path/Frameworks",
				);
				MARKETING_VERSION = 1.0;
				PRODUCT_BUNDLE_IDENTIFIER = com.vladimiroff.Dishly;
				PRODUCT_NAME = "$(TARGET_NAME)";
				SWIFT_EMIT_LOC_STRINGS = YES;
				SWIFT_VERSION = 5.0;
				TARGETED_DEVICE_FAMILY = "1,2";
			};
			name = Debug;
		};
		85C1B66D2A39FE5800BEAF2F /* Release */ = {
			isa = XCBuildConfiguration;
			baseConfigurationReference = C37B7E4D901A1FF8C3C4D501 /* Pods-Dishly.release.xcconfig */;
			buildSettings = {
				ASSETCATALOG_COMPILER_APPICON_NAME = AppIcon;
				ASSETCATALOG_COMPILER_GLOBAL_ACCENT_COLOR_NAME = AccentColor;
				CODE_SIGN_STYLE = Automatic;
				CURRENT_PROJECT_VERSION = 1;
				DEVELOPMENT_TEAM = PNL8X2N9J2;
				GENERATE_INFOPLIST_FILE = YES;
				INFOPLIST_FILE = Dishly/Info.plist;
				INFOPLIST_KEY_UIApplicationSupportsIndirectInputEvents = YES;
				INFOPLIST_KEY_UILaunchStoryboardName = LaunchScreen;
				INFOPLIST_KEY_UIMainStoryboardFile = Main;
				INFOPLIST_KEY_UISupportedInterfaceOrientations_iPad = "UIInterfaceOrientationPortrait UIInterfaceOrientationPortraitUpsideDown UIInterfaceOrientationLandscapeLeft UIInterfaceOrientationLandscapeRight";
				INFOPLIST_KEY_UISupportedInterfaceOrientations_iPhone = "UIInterfaceOrientationPortrait UIInterfaceOrientationLandscapeLeft UIInterfaceOrientationLandscapeRight";
				LD_RUNPATH_SEARCH_PATHS = (
					"$(inherited)",
					"@executable_path/Frameworks",
				);
				MARKETING_VERSION = 1.0;
				PRODUCT_BUNDLE_IDENTIFIER = com.vladimiroff.Dishly;
				PRODUCT_NAME = "$(TARGET_NAME)";
				SWIFT_EMIT_LOC_STRINGS = YES;
				SWIFT_VERSION = 5.0;
				TARGETED_DEVICE_FAMILY = "1,2";
			};
			name = Release;
		};
/* End XCBuildConfiguration section */

/* Begin XCConfigurationList section */
		85C1B6522A39FE5700BEAF2F /* Build configuration list for PBXProject "Dishly" */ = {
			isa = XCConfigurationList;
			buildConfigurations = (
				85C1B6692A39FE5800BEAF2F /* Debug */,
				85C1B66A2A39FE5800BEAF2F /* Release */,
			);
			defaultConfigurationIsVisible = 0;
			defaultConfigurationName = Release;
		};
		85C1B66B2A39FE5800BEAF2F /* Build configuration list for PBXNativeTarget "Dishly" */ = {
			isa = XCConfigurationList;
			buildConfigurations = (
				85C1B66C2A39FE5800BEAF2F /* Debug */,
				85C1B66D2A39FE5800BEAF2F /* Release */,
			);
			defaultConfigurationIsVisible = 0;
			defaultConfigurationName = Release;
		};
/* End XCConfigurationList section */
	};
	rootObject = 85C1B64F2A39FE5700BEAF2F /* Project object */;
}
