// !$*UTF8*$!
{
	archiveVersion = 1;
	classes = {
	};
	objectVersion = 56;
	objects = {

/* Begin PBXBuildFile section */
		09B65E491BD62034DE8375C2 /* Pods_Dishly.framework in Frameworks */ = {isa = PBXBuildFile; fileRef = CA1C145446A00BC5402957FC /* Pods_Dishly.framework */; };
		8509D05A2A5F011C006E525B /* RecipeCell.swift in Sources */ = {isa = PBXBuildFile; fileRef = 8509D0572A5F011C006E525B /* RecipeCell.swift */; };
		8509D05B2A5F011C006E525B /* ProfileOptionCell.swift in Sources */ = {isa = PBXBuildFile; fileRef = 8509D0582A5F011C006E525B /* ProfileOptionCell.swift */; };
		8509D05F2A5F011C006E525B /* SearchTableCell.swift in Sources */ = {isa = PBXBuildFile; fileRef = 8509D0512A5F011C006E525B /* SearchTableCell.swift */; };
		8509D0742A5F01D9006E525B /* CustomTableView.swift in Sources */ = {isa = PBXBuildFile; fileRef = 8509D0732A5F01D9006E525B /* CustomTableView.swift */; };
		852666EF2A59188D005BFCFC /* NSLayoutDimension.swift in Sources */ = {isa = PBXBuildFile; fileRef = 852666EE2A59188D005BFCFC /* NSLayoutDimension.swift */; };
		852666F72A59917A005BFCFC /* RecipesViewController.swift in Sources */ = {isa = PBXBuildFile; fileRef = 852666F62A59917A005BFCFC /* RecipesViewController.swift */; };
		852666F92A5AEA92005BFCFC /* ProfileOptionVC.swift in Sources */ = {isa = PBXBuildFile; fileRef = 852666F82A5AEA92005BFCFC /* ProfileOptionVC.swift */; };
		852666FB2A5AEC2E005BFCFC /* PrivacyPolicy.swift in Sources */ = {isa = PBXBuildFile; fileRef = 852666FA2A5AEC2E005BFCFC /* PrivacyPolicy.swift */; };
		852666FD2A5AEEF9005BFCFC /* TermsAndConditions.swift in Sources */ = {isa = PBXBuildFile; fileRef = 852666FC2A5AEEF8005BFCFC /* TermsAndConditions.swift */; };
		852666FF2A5AF1CA005BFCFC /* AppColors.swift in Sources */ = {isa = PBXBuildFile; fileRef = 852666FE2A5AF1CA005BFCFC /* AppColors.swift */; };
		852667052A5C2639005BFCFC /* MealsService.swift in Sources */ = {isa = PBXBuildFile; fileRef = 852667042A5C2639005BFCFC /* MealsService.swift */; };
		8526670B2A5C3D76005BFCFC /* SearchHeader.swift in Sources */ = {isa = PBXBuildFile; fileRef = 8526670A2A5C3D76005BFCFC /* SearchHeader.swift */; };
		852667152A5C68EC005BFCFC /* Errors.swift in Sources */ = {isa = PBXBuildFile; fileRef = 852667142A5C68EC005BFCFC /* Errors.swift */; };
		852667172A5D3851005BFCFC /* RecipeRealm.swift in Sources */ = {isa = PBXBuildFile; fileRef = 852667162A5D3851005BFCFC /* RecipeRealm.swift */; };
		8526671D2A5E7464005BFCFC /* Alerts.swift in Sources */ = {isa = PBXBuildFile; fileRef = 8526671C2A5E7464005BFCFC /* Alerts.swift */; };
		8526671F2A5E8458005BFCFC /* RecipesRealmService.swift in Sources */ = {isa = PBXBuildFile; fileRef = 8526671E2A5E8458005BFCFC /* RecipesRealmService.swift */; };
		853EEB342A55798400DDB93F /* CollectionsPopupView.swift in Sources */ = {isa = PBXBuildFile; fileRef = 853EEB332A55798400DDB93F /* CollectionsPopupView.swift */; };
		853F3B1F2A5676FA00D53EB8 /* CustomButton.swift in Sources */ = {isa = PBXBuildFile; fileRef = 853F3B1E2A5676FA00D53EB8 /* CustomButton.swift */; };
		853F3B252A567C2E00D53EB8 /* PrepareViewController.swift in Sources */ = {isa = PBXBuildFile; fileRef = 853F3B242A567C2E00D53EB8 /* PrepareViewController.swift */; };
		853F3B272A567C7400D53EB8 /* PrepareTableCell.swift in Sources */ = {isa = PBXBuildFile; fileRef = 853F3B262A567C7400D53EB8 /* PrepareTableCell.swift */; };
		853F3B2D2A56D98400D53EB8 /* MyGroceries.swift in Sources */ = {isa = PBXBuildFile; fileRef = 853F3B2C2A56D98400D53EB8 /* MyGroceries.swift */; };
		853F3B312A57F19300D53EB8 /* CollectionCell.swift in Sources */ = {isa = PBXBuildFile; fileRef = 853F3B302A57F19300D53EB8 /* CollectionCell.swift */; };
		853F3B332A57F4E500D53EB8 /* Collection.swift in Sources */ = {isa = PBXBuildFile; fileRef = 853F3B322A57F4E500D53EB8 /* Collection.swift */; };
		853F3B372A58086B00D53EB8 /* CollectionsService.swift in Sources */ = {isa = PBXBuildFile; fileRef = 853F3B362A58086B00D53EB8 /* CollectionsService.swift */; };
		853F3B3B2A58569F00D53EB8 /* SearchViewControler.swift in Sources */ = {isa = PBXBuildFile; fileRef = 853F3B3A2A58569F00D53EB8 /* SearchViewControler.swift */; };
		853F3B3D2A585FEC00D53EB8 /* SearchTableCell.swift in Sources */ = {isa = PBXBuildFile; fileRef = 853F3B3C2A585FEC00D53EB8 /* SearchTableCell.swift */; };
		853F3B3F2A5864E400D53EB8 /* ConfigureRecipes.swift in Sources */ = {isa = PBXBuildFile; fileRef = 853F3B3E2A5864E400D53EB8 /* ConfigureRecipes.swift */; };
		855218F32A6FB407004ED14A /* PrepareTableCell.xib in Resources */ = {isa = PBXBuildFile; fileRef = 8509D0552A5F011C006E525B /* PrepareTableCell.xib */; };
		85BB92482A66370F00E9E4A3 /* LoadViewController.swift in Sources */ = {isa = PBXBuildFile; fileRef = 85BB92472A66370F00E9E4A3 /* LoadViewController.swift */; };
		85BB924A2A66864800E9E4A3 /* Theme.swift in Sources */ = {isa = PBXBuildFile; fileRef = 85BB92492A66864800E9E4A3 /* Theme.swift */; };
		85BB924C2A67B78300E9E4A3 /* UIView.swift in Sources */ = {isa = PBXBuildFile; fileRef = 85BB924B2A67B78300E9E4A3 /* UIView.swift */; };
		85BB924E2A67BA9D00E9E4A3 /* UILabel.swift in Sources */ = {isa = PBXBuildFile; fileRef = 85BB924D2A67BA9D00E9E4A3 /* UILabel.swift */; };
		85BB92502A67F0B600E9E4A3 /* UIImage.swift in Sources */ = {isa = PBXBuildFile; fileRef = 85BB924F2A67F0B600E9E4A3 /* UIImage.swift */; };
		85BB92522A69401B00E9E4A3 /* NoRecipesImage.swift in Sources */ = {isa = PBXBuildFile; fileRef = 85BB92512A69401B00E9E4A3 /* NoRecipesImage.swift */; };
		85C1B65B2A39FE5700BEAF2F /* AppDelegate.swift in Sources */ = {isa = PBXBuildFile; fileRef = 85C1B65A2A39FE5700BEAF2F /* AppDelegate.swift */; };
		85C1B65D2A39FE5700BEAF2F /* SceneDelegate.swift in Sources */ = {isa = PBXBuildFile; fileRef = 85C1B65C2A39FE5700BEAF2F /* SceneDelegate.swift */; };
		85C1B6622A39FE5700BEAF2F /* Main.storyboard in Resources */ = {isa = PBXBuildFile; fileRef = 85C1B6602A39FE5700BEAF2F /* Main.storyboard */; };
		85C1B6642A39FE5800BEAF2F /* Assets.xcassets in Resources */ = {isa = PBXBuildFile; fileRef = 85C1B6632A39FE5800BEAF2F /* Assets.xcassets */; };
		85C1B6672A39FE5800BEAF2F /* LaunchScreen.storyboard in Resources */ = {isa = PBXBuildFile; fileRef = 85C1B6652A39FE5800BEAF2F /* LaunchScreen.storyboard */; };
		85C1B6E92A447E9E00BEAF2F /* MainTabBarController.swift in Sources */ = {isa = PBXBuildFile; fileRef = 85C1B6E82A447E9E00BEAF2F /* MainTabBarController.swift */; };
		85C1B6EB2A447EA500BEAF2F /* ExploreViewController.swift in Sources */ = {isa = PBXBuildFile; fileRef = 85C1B6EA2A447EA500BEAF2F /* ExploreViewController.swift */; };
		85C1B6ED2A447EAD00BEAF2F /* ProfileViewController.swift in Sources */ = {isa = PBXBuildFile; fileRef = 85C1B6EC2A447EAD00BEAF2F /* ProfileViewController.swift */; };
		85C1B6EF2A447ED900BEAF2F /* Recipe.swift in Sources */ = {isa = PBXBuildFile; fileRef = 85C1B6EE2A447ED900BEAF2F /* Recipe.swift */; };
		85C1B6F12A447EDD00BEAF2F /* User.swift in Sources */ = {isa = PBXBuildFile; fileRef = 85C1B6F02A447EDD00BEAF2F /* User.swift */; };
		85C1B6F52A4483D400BEAF2F /* RecipeViewModel.swift in Sources */ = {isa = PBXBuildFile; fileRef = 85C1B6F42A4483D400BEAF2F /* RecipeViewModel.swift */; };
		85C1B6F82A4485AE00BEAF2F /* AuthService.swift in Sources */ = {isa = PBXBuildFile; fileRef = 85C1B6F72A4485AE00BEAF2F /* AuthService.swift */; };
		85C1B6FD2A44A00200BEAF2F /* RecipesService.swift in Sources */ = {isa = PBXBuildFile; fileRef = 85C1B6FC2A44A00200BEAF2F /* RecipesService.swift */; };
		85C1B6FF2A458CBE00BEAF2F /* CategoryCell.swift in Sources */ = {isa = PBXBuildFile; fileRef = 85C1B6FE2A458CBE00BEAF2F /* CategoryCell.swift */; };
		85C1B7052A45A7AF00BEAF2F /* RecipeCell.swift in Sources */ = {isa = PBXBuildFile; fileRef = 85C1B7042A45A7AF00BEAF2F /* RecipeCell.swift */; };
		85C1B7072A45B71C00BEAF2F /* ParentCell.swift in Sources */ = {isa = PBXBuildFile; fileRef = 85C1B7062A45B71C00BEAF2F /* ParentCell.swift */; };
		85C1B7092A45CF9700BEAF2F /* ProfileOptionCell.swift in Sources */ = {isa = PBXBuildFile; fileRef = 85C1B7082A45CF9700BEAF2F /* ProfileOptionCell.swift */; };
		85C1B70B2A45D08E00BEAF2F /* SavedViewController.swift in Sources */ = {isa = PBXBuildFile; fileRef = 85C1B70A2A45D08E00BEAF2F /* SavedViewController.swift */; };
		85C1B70D2A45D11100BEAF2F /* ItemsHeader.swift in Sources */ = {isa = PBXBuildFile; fileRef = 85C1B70C2A45D11100BEAF2F /* ItemsHeader.swift */; };
		85C1B70F2A485A6900BEAF2F /* MealPlanViewController.swift in Sources */ = {isa = PBXBuildFile; fileRef = 85C1B70E2A485A6900BEAF2F /* MealPlanViewController.swift */; };
		85C1B7112A485B2300BEAF2F /* CartViewController.swift in Sources */ = {isa = PBXBuildFile; fileRef = 85C1B7102A485B2300BEAF2F /* CartViewController.swift */; };
		85C1B7152A48723200BEAF2F /* UserService.swift in Sources */ = {isa = PBXBuildFile; fileRef = 85C1B7142A48723200BEAF2F /* UserService.swift */; };
		85C1B7172A487C1C00BEAF2F /* MealCell.swift in Sources */ = {isa = PBXBuildFile; fileRef = 85C1B7162A487C1C00BEAF2F /* MealCell.swift */; };
		85C1B7192A4982EF00BEAF2F /* RecipeViewController.swift in Sources */ = {isa = PBXBuildFile; fileRef = 85C1B7182A4982EF00BEAF2F /* RecipeViewController.swift */; };
		85C1B71B2A49893B00BEAF2F /* UserViewModel.swift in Sources */ = {isa = PBXBuildFile; fileRef = 85C1B71A2A49893B00BEAF2F /* UserViewModel.swift */; };
		85C1B71D2A49942B00BEAF2F /* LogInViewController.swift in Sources */ = {isa = PBXBuildFile; fileRef = 85C1B71C2A49942B00BEAF2F /* LogInViewController.swift */; };
		85C1B71F2A49943300BEAF2F /* SignUpViewController.swift in Sources */ = {isa = PBXBuildFile; fileRef = 85C1B71E2A49943300BEAF2F /* SignUpViewController.swift */; };
		85C1B7232A49BA3B00BEAF2F /* CustomTextField.swift in Sources */ = {isa = PBXBuildFile; fileRef = 85C1B7222A49BA3B00BEAF2F /* CustomTextField.swift */; };
		85C1B7272A4C26AD00BEAF2F /* EditProfileViewController.swift in Sources */ = {isa = PBXBuildFile; fileRef = 85C1B7262A4C26AD00BEAF2F /* EditProfileViewController.swift */; };
		85C1B7292A4C2B9B00BEAF2F /* ProfileInfoCell.swift in Sources */ = {isa = PBXBuildFile; fileRef = 85C1B7282A4C2B9B00BEAF2F /* ProfileInfoCell.swift */; };
		85C1B72B2A4D8F4C00BEAF2F /* GreetViewController.swift in Sources */ = {isa = PBXBuildFile; fileRef = 85C1B72A2A4D8F4C00BEAF2F /* GreetViewController.swift */; };
		85C1B72D2A4D969700BEAF2F /* UIButton.swift in Sources */ = {isa = PBXBuildFile; fileRef = 85C1B72C2A4D969700BEAF2F /* UIButton.swift */; };
		85C1B73B2A4DDF2E00BEAF2F /* GoogleService-Info.plist in Resources */ = {isa = PBXBuildFile; fileRef = 85C1B73A2A4DDF2E00BEAF2F /* GoogleService-Info.plist */; };
		85C1B73E2A4DE09500BEAF2F /* ImageUploader.swift in Sources */ = {isa = PBXBuildFile; fileRef = 85C1B73D2A4DE09500BEAF2F /* ImageUploader.swift */; };
		85C1B7402A4DE16700BEAF2F /* AuthCreds.swift in Sources */ = {isa = PBXBuildFile; fileRef = 85C1B73F2A4DE16700BEAF2F /* AuthCreds.swift */; };
		85C1B7422A4F069F00BEAF2F /* DependencyContainer.swift in Sources */ = {isa = PBXBuildFile; fileRef = 85C1B7412A4F069F00BEAF2F /* DependencyContainer.swift */; };
		85C1B7452A51534900BEAF2F /* Constants.swift in Sources */ = {isa = PBXBuildFile; fileRef = 85C1B7442A51534900BEAF2F /* Constants.swift */; };
		85C1B7482A517F5500BEAF2F /* Realm in Frameworks */ = {isa = PBXBuildFile; productRef = 85C1B7472A517F5500BEAF2F /* Realm */; };
		85C1B74A2A517F5500BEAF2F /* RealmSwift in Frameworks */ = {isa = PBXBuildFile; productRef = 85C1B7492A517F5500BEAF2F /* RealmSwift */; };
		85C1B74C2A51A1C100BEAF2F /* UserRealm.swift in Sources */ = {isa = PBXBuildFile; fileRef = 85C1B74B2A51A1C100BEAF2F /* UserRealm.swift */; };
		85C1B74E2A51A23A00BEAF2F /* UserRealmService.swift in Sources */ = {isa = PBXBuildFile; fileRef = 85C1B74D2A51A23A00BEAF2F /* UserRealmService.swift */; };
		85C1B7522A52D51E00BEAF2F /* UIImageView.swift in Sources */ = {isa = PBXBuildFile; fileRef = 85C1B7512A52D51E00BEAF2F /* UIImageView.swift */; };
		85C1B7562A541AA000BEAF2F /* RandomUsernameGenerator.swift in Sources */ = {isa = PBXBuildFile; fileRef = 85C1B7552A541AA000BEAF2F /* RandomUsernameGenerator.swift */; };
		85C1B7582A5481BC00BEAF2F /* GoogleAuthService.swift in Sources */ = {isa = PBXBuildFile; fileRef = 85C1B7572A5481BC00BEAF2F /* GoogleAuthService.swift */; };
		85D4C95A2A5EFDFE009D20D5 /* CollectionCell.swift in Sources */ = {isa = PBXBuildFile; fileRef = 85D4C94F2A5EFDBD009D20D5 /* CollectionCell.swift */; };
		85D4C95C2A5EFDFE009D20D5 /* ParentCell.swift in Sources */ = {isa = PBXBuildFile; fileRef = 85D4C9512A5EFDBD009D20D5 /* ParentCell.swift */; };
		85D4C95D2A5EFDFE009D20D5 /* CategoryCell.swift in Sources */ = {isa = PBXBuildFile; fileRef = 85D4C9532A5EFDBD009D20D5 /* CategoryCell.swift */; };
		85D4C95E2A5EFDFE009D20D5 /* ProfileInfoCell.swift in Sources */ = {isa = PBXBuildFile; fileRef = 85D4C9502A5EFDBD009D20D5 /* ProfileInfoCell.swift */; };
		85D4C95F2A5EFDFE009D20D5 /* PrepareTableCell.swift in Sources */ = {isa = PBXBuildFile; fileRef = 85D4C9542A5EFDBD009D20D5 /* PrepareTableCell.swift */; };
		85D4C9602A5EFDFE009D20D5 /* RecipeCell.swift in Sources */ = {isa = PBXBuildFile; fileRef = 85D4C9552A5EFDBD009D20D5 /* RecipeCell.swift */; };
		85D4C9612A5EFDFE009D20D5 /* SearchTableCell.swift in Sources */ = {isa = PBXBuildFile; fileRef = 85D4C9562A5EFDBD009D20D5 /* SearchTableCell.swift */; };
		85D4C9622A5EFDFE009D20D5 /* ProfileOptionCell.swift in Sources */ = {isa = PBXBuildFile; fileRef = 85D4C9522A5EFDBD009D20D5 /* ProfileOptionCell.swift */; };
		85D4C9632A5EFDFE009D20D5 /* IngredientTableCell.swift in Sources */ = {isa = PBXBuildFile; fileRef = 85D4C9572A5EFDBD009D20D5 /* IngredientTableCell.swift */; };
		85D4C9642A5EFE64009D20D5 /* IngredientTableCell.xib in Resources */ = {isa = PBXBuildFile; fileRef = 85D4C9582A5EFDBD009D20D5 /* IngredientTableCell.xib */; };
		85F5BDDE2A71A09C0075A899 /* CustomLabel.swift in Sources */ = {isa = PBXBuildFile; fileRef = 85F5BDDD2A71A09C0075A899 /* CustomLabel.swift */; };
		85F5BDE52A71A2C20075A899 /* ThemeManager.swift in Sources */ = {isa = PBXBuildFile; fileRef = 85F5BDE42A71A2C20075A899 /* ThemeManager.swift */; };
		85F5BDF42A71AA2A0075A899 /* UserServiceProtocol.swift in Sources */ = {isa = PBXBuildFile; fileRef = 85F5BDF32A71AA2A0075A899 /* UserServiceProtocol.swift */; };
		85F5BDFE2A71AAE80075A899 /* RecipesRealmServiceProtocol.swift in Sources */ = {isa = PBXBuildFile; fileRef = 85F5BDFD2A71AAE80075A899 /* RecipesRealmServiceProtocol.swift */; };
		85F5BE002A71AAFD0075A899 /* AuthServiceProtocol.swift in Sources */ = {isa = PBXBuildFile; fileRef = 85F5BDFF2A71AAFD0075A899 /* AuthServiceProtocol.swift */; };
		85F5BE022A71AB1B0075A899 /* UserRealmServiceProtocol.swift in Sources */ = {isa = PBXBuildFile; fileRef = 85F5BE012A71AB1B0075A899 /* UserRealmServiceProtocol.swift */; };
		85F5BE042A71AB2E0075A899 /* GoogleAuthServiceProtocol.swift in Sources */ = {isa = PBXBuildFile; fileRef = 85F5BE032A71AB2E0075A899 /* GoogleAuthServiceProtocol.swift */; };
		85F5BE062A71AB570075A899 /* CollectionServiceProtocol.swift in Sources */ = {isa = PBXBuildFile; fileRef = 85F5BE052A71AB570075A899 /* CollectionServiceProtocol.swift */; };
		85F5BE082A71AB6B0075A899 /* RecipeServiceProtocol.swift in Sources */ = {isa = PBXBuildFile; fileRef = 85F5BE072A71AB6B0075A899 /* RecipeServiceProtocol.swift */; };
		85F5BE0A2A71AB7F0075A899 /* MealsServiceProtocol.swift in Sources */ = {isa = PBXBuildFile; fileRef = 85F5BE092A71AB7F0075A899 /* MealsServiceProtocol.swift */; };
		85F5BE0D2A726CE30075A899 /* SavedVMProtocol.swift in Sources */ = {isa = PBXBuildFile; fileRef = 85F5BE0C2A726CE30075A899 /* SavedVMProtocol.swift */; };
		85F5BE0F2A726D360075A899 /* SavedVM.swift in Sources */ = {isa = PBXBuildFile; fileRef = 85F5BE0E2A726D360075A899 /* SavedVM.swift */; };
		85F5BE112A72716C0075A899 /* ExploreVM.swift in Sources */ = {isa = PBXBuildFile; fileRef = 85F5BE102A72716C0075A899 /* ExploreVM.swift */; };
		85F5BE132A72717A0075A899 /* ExploreVMProtocol.swift in Sources */ = {isa = PBXBuildFile; fileRef = 85F5BE122A72717A0075A899 /* ExploreVMProtocol.swift */; };
		85F5BE152A7273D50075A899 /* SignInVM.swift in Sources */ = {isa = PBXBuildFile; fileRef = 85F5BE142A7273D50075A899 /* SignInVM.swift */; };
		85F5BE172A7273DB0075A899 /* SignInVMProtocol.swift in Sources */ = {isa = PBXBuildFile; fileRef = 85F5BE162A7273DB0075A899 /* SignInVMProtocol.swift */; };
		85F5BE192A7278430075A899 /* SignUpVM.swift in Sources */ = {isa = PBXBuildFile; fileRef = 85F5BE182A7278430075A899 /* SignUpVM.swift */; };
		85F5BE1B2A7278480075A899 /* SignUpVMProtocol.swift in Sources */ = {isa = PBXBuildFile; fileRef = 85F5BE1A2A7278480075A899 /* SignUpVMProtocol.swift */; };
		85F5BE1D2A7279240075A899 /* MealPlanVM.swift in Sources */ = {isa = PBXBuildFile; fileRef = 85F5BE1C2A7279240075A899 /* MealPlanVM.swift */; };
		85F5BE1F2A7279350075A899 /* MealPlanVMProtocol.swift in Sources */ = {isa = PBXBuildFile; fileRef = 85F5BE1E2A7279350075A899 /* MealPlanVMProtocol.swift */; };
		85F5BE212A727B250075A899 /* GreetVM.swift in Sources */ = {isa = PBXBuildFile; fileRef = 85F5BE202A727B250075A899 /* GreetVM.swift */; };
		85F5BE232A727B2E0075A899 /* GreetVMProtocol.swift in Sources */ = {isa = PBXBuildFile; fileRef = 85F5BE222A727B2E0075A899 /* GreetVMProtocol.swift */; };
		85F5BE252A727C3D0075A899 /* MainTabBarVM.swift in Sources */ = {isa = PBXBuildFile; fileRef = 85F5BE242A727C3D0075A899 /* MainTabBarVM.swift */; };
		85F5BE272A727C510075A899 /* MainTabBarVMProtocol.swift in Sources */ = {isa = PBXBuildFile; fileRef = 85F5BE262A727C510075A899 /* MainTabBarVMProtocol.swift */; };
		85F5BE2A2A727D2D0075A899 /* RecipeVM.swift in Sources */ = {isa = PBXBuildFile; fileRef = 85F5BE292A727D2D0075A899 /* RecipeVM.swift */; };
		85F5BE2C2A727D380075A899 /* RecipeVMProtocol.swift in Sources */ = {isa = PBXBuildFile; fileRef = 85F5BE2B2A727D380075A899 /* RecipeVMProtocol.swift */; };
		85F5BE2E2A727E4B0075A899 /* Router.swift in Sources */ = {isa = PBXBuildFile; fileRef = 85F5BE2D2A727E4B0075A899 /* Router.swift */; };
		85F5BE312A727FA70075A899 /* SearchVM.swift in Sources */ = {isa = PBXBuildFile; fileRef = 85F5BE302A727FA70075A899 /* SearchVM.swift */; };
		85F5BE332A727FBC0075A899 /* SearchVMProtocol.swift in Sources */ = {isa = PBXBuildFile; fileRef = 85F5BE322A727FBC0075A899 /* SearchVMProtocol.swift */; };
		85F5BE362A7280200075A899 /* RecipesVM.swift in Sources */ = {isa = PBXBuildFile; fileRef = 85F5BE352A7280200075A899 /* RecipesVM.swift */; };
		85F5BE382A72802F0075A899 /* RecipesVMProtocol.swift in Sources */ = {isa = PBXBuildFile; fileRef = 85F5BE372A72802F0075A899 /* RecipesVMProtocol.swift */; };
		85F5BE3B2A72815B0075A899 /* EditProfileVM.swift in Sources */ = {isa = PBXBuildFile; fileRef = 85F5BE3A2A72815B0075A899 /* EditProfileVM.swift */; };
		85F5BE3D2A7281670075A899 /* EditProfileVMProtocol.swift in Sources */ = {isa = PBXBuildFile; fileRef = 85F5BE3C2A7281670075A899 /* EditProfileVMProtocol.swift */; };
		85F5BE3F2A72836F0075A899 /* CreateNewVM.swift in Sources */ = {isa = PBXBuildFile; fileRef = 85F5BE3E2A72836F0075A899 /* CreateNewVM.swift */; };
		85F5BE412A7283830075A899 /* CreateNewVMProtocol.swift in Sources */ = {isa = PBXBuildFile; fileRef = 85F5BE402A7283830075A899 /* CreateNewVMProtocol.swift */; };
		85F5BE442A7283D00075A899 /* PrepareVM.swift in Sources */ = {isa = PBXBuildFile; fileRef = 85F5BE432A7283D00075A899 /* PrepareVM.swift */; };
		85F5BE462A7283D90075A899 /* PrepareVMProtocol.swift in Sources */ = {isa = PBXBuildFile; fileRef = 85F5BE452A7283D90075A899 /* PrepareVMProtocol.swift */; };
		85F5BE492A7284750075A899 /* LoadVM.swift in Sources */ = {isa = PBXBuildFile; fileRef = 85F5BE482A7284750075A899 /* LoadVM.swift */; };
		85F5BE4B2A72847B0075A899 /* LoadVMProtocol.swift in Sources */ = {isa = PBXBuildFile; fileRef = 85F5BE4A2A72847B0075A899 /* LoadVMProtocol.swift */; };
		85F5BE4E2A7284E20075A899 /* ProfileVM.swift in Sources */ = {isa = PBXBuildFile; fileRef = 85F5BE4D2A7284E20075A899 /* ProfileVM.swift */; };
		85F5BE502A7284F40075A899 /* ProfileVMProtocol.swift in Sources */ = {isa = PBXBuildFile; fileRef = 85F5BE4F2A7284F40075A899 /* ProfileVMProtocol.swift */; };
		85FE006E2A76463500F2D7E9 /* UserDefaults.swift in Sources */ = {isa = PBXBuildFile; fileRef = 85FE006D2A76463500F2D7E9 /* UserDefaults.swift */; };
		85FE00712A7646BB00F2D7E9 /* UserDefaultsProtocol.swift in Sources */ = {isa = PBXBuildFile; fileRef = 85FE00702A7646BB00F2D7E9 /* UserDefaultsProtocol.swift */; };
		85FE00742A76482A00F2D7E9 /* CartVM.swift in Sources */ = {isa = PBXBuildFile; fileRef = 85FE00732A76482A00F2D7E9 /* CartVM.swift */; };
		85FE00762A76483600F2D7E9 /* CartVMProtocol.swift in Sources */ = {isa = PBXBuildFile; fileRef = 85FE00752A76483600F2D7E9 /* CartVMProtocol.swift */; };
		85FE6B8F2A566C4600E6417D /* Storyboardable.swift in Sources */ = {isa = PBXBuildFile; fileRef = 85FE6B8E2A566C4600E6417D /* Storyboardable.swift */; };
		85FE6B912A56715400E6417D /* CreateNewVC.swift in Sources */ = {isa = PBXBuildFile; fileRef = 85FE6B902A56715400E6417D /* CreateNewVC.swift */; };
		85FE6B952A56719800E6417D /* UIViewController.swift in Sources */ = {isa = PBXBuildFile; fileRef = 85FE6B942A56719800E6417D /* UIViewController.swift */; };
		85FE6B972A56725D00E6417D /* IngredientTableCell.swift in Sources */ = {isa = PBXBuildFile; fileRef = 85FE6B962A56725D00E6417D /* IngredientTableCell.swift */; };
/* End PBXBuildFile section */

/* Begin PBXFileReference section */
		84CC89D4F3A988B2F794987D /* Pods-Dishly.debug.xcconfig */ = {isa = PBXFileReference; includeInIndex = 1; lastKnownFileType = text.xcconfig; name = "Pods-Dishly.debug.xcconfig"; path = "Target Support Files/Pods-Dishly/Pods-Dishly.debug.xcconfig"; sourceTree = "<group>"; };
		8509D0512A5F011C006E525B /* SearchTableCell.swift */ = {isa = PBXFileReference; lastKnownFileType = sourcecode.swift; path = SearchTableCell.swift; sourceTree = "<group>"; };
		8509D0552A5F011C006E525B /* PrepareTableCell.xib */ = {isa = PBXFileReference; lastKnownFileType = file.xib; path = PrepareTableCell.xib; sourceTree = "<group>"; };
		8509D0572A5F011C006E525B /* RecipeCell.swift */ = {isa = PBXFileReference; lastKnownFileType = sourcecode.swift; path = RecipeCell.swift; sourceTree = "<group>"; };
		8509D0582A5F011C006E525B /* ProfileOptionCell.swift */ = {isa = PBXFileReference; lastKnownFileType = sourcecode.swift; path = ProfileOptionCell.swift; sourceTree = "<group>"; };
		8509D0732A5F01D9006E525B /* CustomTableView.swift */ = {isa = PBXFileReference; lastKnownFileType = sourcecode.swift; path = CustomTableView.swift; sourceTree = "<group>"; };
		852666EE2A59188D005BFCFC /* NSLayoutDimension.swift */ = {isa = PBXFileReference; lastKnownFileType = sourcecode.swift; path = NSLayoutDimension.swift; sourceTree = "<group>"; };
		852666F62A59917A005BFCFC /* RecipesViewController.swift */ = {isa = PBXFileReference; lastKnownFileType = sourcecode.swift; path = RecipesViewController.swift; sourceTree = "<group>"; };
		852666F82A5AEA92005BFCFC /* ProfileOptionVC.swift */ = {isa = PBXFileReference; lastKnownFileType = sourcecode.swift; path = ProfileOptionVC.swift; sourceTree = "<group>"; };
		852666FA2A5AEC2E005BFCFC /* PrivacyPolicy.swift */ = {isa = PBXFileReference; lastKnownFileType = sourcecode.swift; path = PrivacyPolicy.swift; sourceTree = "<group>"; };
		852666FC2A5AEEF8005BFCFC /* TermsAndConditions.swift */ = {isa = PBXFileReference; lastKnownFileType = sourcecode.swift; path = TermsAndConditions.swift; sourceTree = "<group>"; };
		852666FE2A5AF1CA005BFCFC /* AppColors.swift */ = {isa = PBXFileReference; lastKnownFileType = sourcecode.swift; path = AppColors.swift; sourceTree = "<group>"; };
		852667042A5C2639005BFCFC /* MealsService.swift */ = {isa = PBXFileReference; lastKnownFileType = sourcecode.swift; path = MealsService.swift; sourceTree = "<group>"; };
		8526670A2A5C3D76005BFCFC /* SearchHeader.swift */ = {isa = PBXFileReference; lastKnownFileType = sourcecode.swift; path = SearchHeader.swift; sourceTree = "<group>"; };
		852667142A5C68EC005BFCFC /* Errors.swift */ = {isa = PBXFileReference; lastKnownFileType = sourcecode.swift; path = Errors.swift; sourceTree = "<group>"; };
		852667162A5D3851005BFCFC /* RecipeRealm.swift */ = {isa = PBXFileReference; lastKnownFileType = sourcecode.swift; path = RecipeRealm.swift; sourceTree = "<group>"; };
		8526671C2A5E7464005BFCFC /* Alerts.swift */ = {isa = PBXFileReference; lastKnownFileType = sourcecode.swift; path = Alerts.swift; sourceTree = "<group>"; };
		8526671E2A5E8458005BFCFC /* RecipesRealmService.swift */ = {isa = PBXFileReference; lastKnownFileType = sourcecode.swift; path = RecipesRealmService.swift; sourceTree = "<group>"; };
		853EEB332A55798400DDB93F /* CollectionsPopupView.swift */ = {isa = PBXFileReference; lastKnownFileType = sourcecode.swift; path = CollectionsPopupView.swift; sourceTree = "<group>"; };
		853F3B1E2A5676FA00D53EB8 /* CustomButton.swift */ = {isa = PBXFileReference; lastKnownFileType = sourcecode.swift; path = CustomButton.swift; sourceTree = "<group>"; };
		853F3B242A567C2E00D53EB8 /* PrepareViewController.swift */ = {isa = PBXFileReference; lastKnownFileType = sourcecode.swift; path = PrepareViewController.swift; sourceTree = "<group>"; };
		853F3B262A567C7400D53EB8 /* PrepareTableCell.swift */ = {isa = PBXFileReference; lastKnownFileType = sourcecode.swift; path = PrepareTableCell.swift; sourceTree = "<group>"; };
		853F3B2C2A56D98400D53EB8 /* MyGroceries.swift */ = {isa = PBXFileReference; lastKnownFileType = sourcecode.swift; path = MyGroceries.swift; sourceTree = "<group>"; };
		853F3B302A57F19300D53EB8 /* CollectionCell.swift */ = {isa = PBXFileReference; lastKnownFileType = sourcecode.swift; path = CollectionCell.swift; sourceTree = "<group>"; };
		853F3B322A57F4E500D53EB8 /* Collection.swift */ = {isa = PBXFileReference; lastKnownFileType = sourcecode.swift; path = Collection.swift; sourceTree = "<group>"; };
		853F3B362A58086B00D53EB8 /* CollectionsService.swift */ = {isa = PBXFileReference; lastKnownFileType = sourcecode.swift; path = CollectionsService.swift; sourceTree = "<group>"; };
		853F3B3A2A58569F00D53EB8 /* SearchViewControler.swift */ = {isa = PBXFileReference; lastKnownFileType = sourcecode.swift; path = SearchViewControler.swift; sourceTree = "<group>"; };
		853F3B3C2A585FEC00D53EB8 /* SearchTableCell.swift */ = {isa = PBXFileReference; lastKnownFileType = sourcecode.swift; path = SearchTableCell.swift; sourceTree = "<group>"; };
		853F3B3E2A5864E400D53EB8 /* ConfigureRecipes.swift */ = {isa = PBXFileReference; lastKnownFileType = sourcecode.swift; path = ConfigureRecipes.swift; sourceTree = "<group>"; };
		85BB92472A66370F00E9E4A3 /* LoadViewController.swift */ = {isa = PBXFileReference; lastKnownFileType = sourcecode.swift; path = LoadViewController.swift; sourceTree = "<group>"; };
		85BB92492A66864800E9E4A3 /* Theme.swift */ = {isa = PBXFileReference; lastKnownFileType = sourcecode.swift; path = Theme.swift; sourceTree = "<group>"; };
		85BB924B2A67B78300E9E4A3 /* UIView.swift */ = {isa = PBXFileReference; lastKnownFileType = sourcecode.swift; path = UIView.swift; sourceTree = "<group>"; };
		85BB924D2A67BA9D00E9E4A3 /* UILabel.swift */ = {isa = PBXFileReference; lastKnownFileType = sourcecode.swift; path = UILabel.swift; sourceTree = "<group>"; };
		85BB924F2A67F0B600E9E4A3 /* UIImage.swift */ = {isa = PBXFileReference; lastKnownFileType = sourcecode.swift; path = UIImage.swift; sourceTree = "<group>"; };
		85BB92512A69401B00E9E4A3 /* NoRecipesImage.swift */ = {isa = PBXFileReference; lastKnownFileType = sourcecode.swift; path = NoRecipesImage.swift; sourceTree = "<group>"; };
		85C1B6572A39FE5700BEAF2F /* Dishly.app */ = {isa = PBXFileReference; explicitFileType = wrapper.application; includeInIndex = 0; path = Dishly.app; sourceTree = BUILT_PRODUCTS_DIR; };
		85C1B65A2A39FE5700BEAF2F /* AppDelegate.swift */ = {isa = PBXFileReference; lastKnownFileType = sourcecode.swift; path = AppDelegate.swift; sourceTree = "<group>"; };
		85C1B65C2A39FE5700BEAF2F /* SceneDelegate.swift */ = {isa = PBXFileReference; lastKnownFileType = sourcecode.swift; path = SceneDelegate.swift; sourceTree = "<group>"; };
		85C1B6612A39FE5700BEAF2F /* Base */ = {isa = PBXFileReference; lastKnownFileType = file.storyboard; name = Base; path = Base.lproj/Main.storyboard; sourceTree = "<group>"; };
		85C1B6632A39FE5800BEAF2F /* Assets.xcassets */ = {isa = PBXFileReference; lastKnownFileType = folder.assetcatalog; path = Assets.xcassets; sourceTree = "<group>"; };
		85C1B6662A39FE5800BEAF2F /* Base */ = {isa = PBXFileReference; lastKnownFileType = file.storyboard; name = Base; path = Base.lproj/LaunchScreen.storyboard; sourceTree = "<group>"; };
		85C1B6682A39FE5800BEAF2F /* Info.plist */ = {isa = PBXFileReference; lastKnownFileType = text.plist.xml; path = Info.plist; sourceTree = "<group>"; };
		85C1B6E82A447E9E00BEAF2F /* MainTabBarController.swift */ = {isa = PBXFileReference; lastKnownFileType = sourcecode.swift; path = MainTabBarController.swift; sourceTree = "<group>"; };
		85C1B6EA2A447EA500BEAF2F /* ExploreViewController.swift */ = {isa = PBXFileReference; lastKnownFileType = sourcecode.swift; path = ExploreViewController.swift; sourceTree = "<group>"; };
		85C1B6EC2A447EAD00BEAF2F /* ProfileViewController.swift */ = {isa = PBXFileReference; lastKnownFileType = sourcecode.swift; path = ProfileViewController.swift; sourceTree = "<group>"; };
		85C1B6EE2A447ED900BEAF2F /* Recipe.swift */ = {isa = PBXFileReference; lastKnownFileType = sourcecode.swift; path = Recipe.swift; sourceTree = "<group>"; };
		85C1B6F02A447EDD00BEAF2F /* User.swift */ = {isa = PBXFileReference; lastKnownFileType = sourcecode.swift; path = User.swift; sourceTree = "<group>"; };
		85C1B6F42A4483D400BEAF2F /* RecipeViewModel.swift */ = {isa = PBXFileReference; lastKnownFileType = sourcecode.swift; path = RecipeViewModel.swift; sourceTree = "<group>"; };
		85C1B6F72A4485AE00BEAF2F /* AuthService.swift */ = {isa = PBXFileReference; lastKnownFileType = sourcecode.swift; path = AuthService.swift; sourceTree = "<group>"; };
		85C1B6FC2A44A00200BEAF2F /* RecipesService.swift */ = {isa = PBXFileReference; lastKnownFileType = sourcecode.swift; path = RecipesService.swift; sourceTree = "<group>"; };
		85C1B6FE2A458CBE00BEAF2F /* CategoryCell.swift */ = {isa = PBXFileReference; lastKnownFileType = sourcecode.swift; path = CategoryCell.swift; sourceTree = "<group>"; };
		85C1B7042A45A7AF00BEAF2F /* RecipeCell.swift */ = {isa = PBXFileReference; lastKnownFileType = sourcecode.swift; path = RecipeCell.swift; sourceTree = "<group>"; };
		85C1B7062A45B71C00BEAF2F /* ParentCell.swift */ = {isa = PBXFileReference; lastKnownFileType = sourcecode.swift; path = ParentCell.swift; sourceTree = "<group>"; };
		85C1B7082A45CF9700BEAF2F /* ProfileOptionCell.swift */ = {isa = PBXFileReference; lastKnownFileType = sourcecode.swift; path = ProfileOptionCell.swift; sourceTree = "<group>"; };
		85C1B70A2A45D08E00BEAF2F /* SavedViewController.swift */ = {isa = PBXFileReference; lastKnownFileType = sourcecode.swift; path = SavedViewController.swift; sourceTree = "<group>"; };
		85C1B70C2A45D11100BEAF2F /* ItemsHeader.swift */ = {isa = PBXFileReference; lastKnownFileType = sourcecode.swift; path = ItemsHeader.swift; sourceTree = "<group>"; };
		85C1B70E2A485A6900BEAF2F /* MealPlanViewController.swift */ = {isa = PBXFileReference; lastKnownFileType = sourcecode.swift; path = MealPlanViewController.swift; sourceTree = "<group>"; };
		85C1B7102A485B2300BEAF2F /* CartViewController.swift */ = {isa = PBXFileReference; lastKnownFileType = sourcecode.swift; path = CartViewController.swift; sourceTree = "<group>"; };
		85C1B7142A48723200BEAF2F /* UserService.swift */ = {isa = PBXFileReference; lastKnownFileType = sourcecode.swift; path = UserService.swift; sourceTree = "<group>"; };
		85C1B7162A487C1C00BEAF2F /* MealCell.swift */ = {isa = PBXFileReference; lastKnownFileType = sourcecode.swift; path = MealCell.swift; sourceTree = "<group>"; };
		85C1B7182A4982EF00BEAF2F /* RecipeViewController.swift */ = {isa = PBXFileReference; lastKnownFileType = sourcecode.swift; path = RecipeViewController.swift; sourceTree = "<group>"; };
		85C1B71A2A49893B00BEAF2F /* UserViewModel.swift */ = {isa = PBXFileReference; lastKnownFileType = sourcecode.swift; path = UserViewModel.swift; sourceTree = "<group>"; };
		85C1B71C2A49942B00BEAF2F /* LogInViewController.swift */ = {isa = PBXFileReference; lastKnownFileType = sourcecode.swift; path = LogInViewController.swift; sourceTree = "<group>"; };
		85C1B71E2A49943300BEAF2F /* SignUpViewController.swift */ = {isa = PBXFileReference; lastKnownFileType = sourcecode.swift; path = SignUpViewController.swift; sourceTree = "<group>"; };
		85C1B7222A49BA3B00BEAF2F /* CustomTextField.swift */ = {isa = PBXFileReference; lastKnownFileType = sourcecode.swift; path = CustomTextField.swift; sourceTree = "<group>"; };
		85C1B7262A4C26AD00BEAF2F /* EditProfileViewController.swift */ = {isa = PBXFileReference; lastKnownFileType = sourcecode.swift; path = EditProfileViewController.swift; sourceTree = "<group>"; };
		85C1B7282A4C2B9B00BEAF2F /* ProfileInfoCell.swift */ = {isa = PBXFileReference; lastKnownFileType = sourcecode.swift; path = ProfileInfoCell.swift; sourceTree = "<group>"; };
		85C1B72A2A4D8F4C00BEAF2F /* GreetViewController.swift */ = {isa = PBXFileReference; lastKnownFileType = sourcecode.swift; path = GreetViewController.swift; sourceTree = "<group>"; };
		85C1B72C2A4D969700BEAF2F /* UIButton.swift */ = {isa = PBXFileReference; lastKnownFileType = sourcecode.swift; path = UIButton.swift; sourceTree = "<group>"; };
		85C1B73A2A4DDF2E00BEAF2F /* GoogleService-Info.plist */ = {isa = PBXFileReference; lastKnownFileType = text.plist; path = "GoogleService-Info.plist"; sourceTree = SOURCE_ROOT; };
		85C1B73D2A4DE09500BEAF2F /* ImageUploader.swift */ = {isa = PBXFileReference; lastKnownFileType = sourcecode.swift; path = ImageUploader.swift; sourceTree = "<group>"; };
		85C1B73F2A4DE16700BEAF2F /* AuthCreds.swift */ = {isa = PBXFileReference; lastKnownFileType = sourcecode.swift; path = AuthCreds.swift; sourceTree = "<group>"; };
		85C1B7412A4F069F00BEAF2F /* DependencyContainer.swift */ = {isa = PBXFileReference; lastKnownFileType = sourcecode.swift; path = DependencyContainer.swift; sourceTree = "<group>"; };
		85C1B7442A51534900BEAF2F /* Constants.swift */ = {isa = PBXFileReference; lastKnownFileType = sourcecode.swift; path = Constants.swift; sourceTree = "<group>"; };
		85C1B74B2A51A1C100BEAF2F /* UserRealm.swift */ = {isa = PBXFileReference; lastKnownFileType = sourcecode.swift; path = UserRealm.swift; sourceTree = "<group>"; };
		85C1B74D2A51A23A00BEAF2F /* UserRealmService.swift */ = {isa = PBXFileReference; lastKnownFileType = sourcecode.swift; path = UserRealmService.swift; sourceTree = "<group>"; };
		85C1B7512A52D51E00BEAF2F /* UIImageView.swift */ = {isa = PBXFileReference; lastKnownFileType = sourcecode.swift; path = UIImageView.swift; sourceTree = "<group>"; };
		85C1B7552A541AA000BEAF2F /* RandomUsernameGenerator.swift */ = {isa = PBXFileReference; lastKnownFileType = sourcecode.swift; path = RandomUsernameGenerator.swift; sourceTree = "<group>"; };
		85C1B7572A5481BC00BEAF2F /* GoogleAuthService.swift */ = {isa = PBXFileReference; lastKnownFileType = sourcecode.swift; path = GoogleAuthService.swift; sourceTree = "<group>"; };
		85D4C94F2A5EFDBD009D20D5 /* CollectionCell.swift */ = {isa = PBXFileReference; lastKnownFileType = sourcecode.swift; path = CollectionCell.swift; sourceTree = "<group>"; };
		85D4C9502A5EFDBD009D20D5 /* ProfileInfoCell.swift */ = {isa = PBXFileReference; lastKnownFileType = sourcecode.swift; path = ProfileInfoCell.swift; sourceTree = "<group>"; };
		85D4C9512A5EFDBD009D20D5 /* ParentCell.swift */ = {isa = PBXFileReference; lastKnownFileType = sourcecode.swift; path = ParentCell.swift; sourceTree = "<group>"; };
		85D4C9522A5EFDBD009D20D5 /* ProfileOptionCell.swift */ = {isa = PBXFileReference; lastKnownFileType = sourcecode.swift; path = ProfileOptionCell.swift; sourceTree = "<group>"; };
		85D4C9532A5EFDBD009D20D5 /* CategoryCell.swift */ = {isa = PBXFileReference; lastKnownFileType = sourcecode.swift; path = CategoryCell.swift; sourceTree = "<group>"; };
		85D4C9542A5EFDBD009D20D5 /* PrepareTableCell.swift */ = {isa = PBXFileReference; lastKnownFileType = sourcecode.swift; path = PrepareTableCell.swift; sourceTree = "<group>"; };
		85D4C9552A5EFDBD009D20D5 /* RecipeCell.swift */ = {isa = PBXFileReference; lastKnownFileType = sourcecode.swift; path = RecipeCell.swift; sourceTree = "<group>"; };
		85D4C9562A5EFDBD009D20D5 /* SearchTableCell.swift */ = {isa = PBXFileReference; lastKnownFileType = sourcecode.swift; path = SearchTableCell.swift; sourceTree = "<group>"; };
		85D4C9572A5EFDBD009D20D5 /* IngredientTableCell.swift */ = {isa = PBXFileReference; lastKnownFileType = sourcecode.swift; path = IngredientTableCell.swift; sourceTree = "<group>"; };
		85D4C9582A5EFDBD009D20D5 /* IngredientTableCell.xib */ = {isa = PBXFileReference; lastKnownFileType = file.xib; path = IngredientTableCell.xib; sourceTree = "<group>"; };
		85F5BDDD2A71A09C0075A899 /* CustomLabel.swift */ = {isa = PBXFileReference; lastKnownFileType = sourcecode.swift; path = CustomLabel.swift; sourceTree = "<group>"; };
		85F5BDE42A71A2C20075A899 /* ThemeManager.swift */ = {isa = PBXFileReference; lastKnownFileType = sourcecode.swift; path = ThemeManager.swift; sourceTree = "<group>"; };
		85F5BDF32A71AA2A0075A899 /* UserServiceProtocol.swift */ = {isa = PBXFileReference; lastKnownFileType = sourcecode.swift; path = UserServiceProtocol.swift; sourceTree = "<group>"; };
		85F5BDFD2A71AAE80075A899 /* RecipesRealmServiceProtocol.swift */ = {isa = PBXFileReference; lastKnownFileType = sourcecode.swift; path = RecipesRealmServiceProtocol.swift; sourceTree = "<group>"; };
		85F5BDFF2A71AAFD0075A899 /* AuthServiceProtocol.swift */ = {isa = PBXFileReference; lastKnownFileType = sourcecode.swift; path = AuthServiceProtocol.swift; sourceTree = "<group>"; };
		85F5BE012A71AB1B0075A899 /* UserRealmServiceProtocol.swift */ = {isa = PBXFileReference; lastKnownFileType = sourcecode.swift; path = UserRealmServiceProtocol.swift; sourceTree = "<group>"; };
		85F5BE032A71AB2E0075A899 /* GoogleAuthServiceProtocol.swift */ = {isa = PBXFileReference; lastKnownFileType = sourcecode.swift; path = GoogleAuthServiceProtocol.swift; sourceTree = "<group>"; };
		85F5BE052A71AB570075A899 /* CollectionServiceProtocol.swift */ = {isa = PBXFileReference; lastKnownFileType = sourcecode.swift; path = CollectionServiceProtocol.swift; sourceTree = "<group>"; };
		85F5BE072A71AB6B0075A899 /* RecipeServiceProtocol.swift */ = {isa = PBXFileReference; lastKnownFileType = sourcecode.swift; path = RecipeServiceProtocol.swift; sourceTree = "<group>"; };
		85F5BE092A71AB7F0075A899 /* MealsServiceProtocol.swift */ = {isa = PBXFileReference; lastKnownFileType = sourcecode.swift; path = MealsServiceProtocol.swift; sourceTree = "<group>"; };
		85F5BE0C2A726CE30075A899 /* SavedVMProtocol.swift */ = {isa = PBXFileReference; lastKnownFileType = sourcecode.swift; path = SavedVMProtocol.swift; sourceTree = "<group>"; };
		85F5BE0E2A726D360075A899 /* SavedVM.swift */ = {isa = PBXFileReference; lastKnownFileType = sourcecode.swift; path = SavedVM.swift; sourceTree = "<group>"; };
		85F5BE102A72716C0075A899 /* ExploreVM.swift */ = {isa = PBXFileReference; lastKnownFileType = sourcecode.swift; path = ExploreVM.swift; sourceTree = "<group>"; };
		85F5BE122A72717A0075A899 /* ExploreVMProtocol.swift */ = {isa = PBXFileReference; lastKnownFileType = sourcecode.swift; path = ExploreVMProtocol.swift; sourceTree = "<group>"; };
		85F5BE142A7273D50075A899 /* SignInVM.swift */ = {isa = PBXFileReference; lastKnownFileType = sourcecode.swift; path = SignInVM.swift; sourceTree = "<group>"; };
		85F5BE162A7273DB0075A899 /* SignInVMProtocol.swift */ = {isa = PBXFileReference; lastKnownFileType = sourcecode.swift; path = SignInVMProtocol.swift; sourceTree = "<group>"; };
		85F5BE182A7278430075A899 /* SignUpVM.swift */ = {isa = PBXFileReference; lastKnownFileType = sourcecode.swift; path = SignUpVM.swift; sourceTree = "<group>"; };
		85F5BE1A2A7278480075A899 /* SignUpVMProtocol.swift */ = {isa = PBXFileReference; lastKnownFileType = sourcecode.swift; path = SignUpVMProtocol.swift; sourceTree = "<group>"; };
		85F5BE1C2A7279240075A899 /* MealPlanVM.swift */ = {isa = PBXFileReference; lastKnownFileType = sourcecode.swift; path = MealPlanVM.swift; sourceTree = "<group>"; };
		85F5BE1E2A7279350075A899 /* MealPlanVMProtocol.swift */ = {isa = PBXFileReference; lastKnownFileType = sourcecode.swift; path = MealPlanVMProtocol.swift; sourceTree = "<group>"; };
		85F5BE202A727B250075A899 /* GreetVM.swift */ = {isa = PBXFileReference; lastKnownFileType = sourcecode.swift; path = GreetVM.swift; sourceTree = "<group>"; };
		85F5BE222A727B2E0075A899 /* GreetVMProtocol.swift */ = {isa = PBXFileReference; lastKnownFileType = sourcecode.swift; path = GreetVMProtocol.swift; sourceTree = "<group>"; };
		85F5BE242A727C3D0075A899 /* MainTabBarVM.swift */ = {isa = PBXFileReference; lastKnownFileType = sourcecode.swift; path = MainTabBarVM.swift; sourceTree = "<group>"; };
		85F5BE262A727C510075A899 /* MainTabBarVMProtocol.swift */ = {isa = PBXFileReference; lastKnownFileType = sourcecode.swift; path = MainTabBarVMProtocol.swift; sourceTree = "<group>"; };
		85F5BE292A727D2D0075A899 /* RecipeVM.swift */ = {isa = PBXFileReference; lastKnownFileType = sourcecode.swift; path = RecipeVM.swift; sourceTree = "<group>"; };
		85F5BE2B2A727D380075A899 /* RecipeVMProtocol.swift */ = {isa = PBXFileReference; lastKnownFileType = sourcecode.swift; path = RecipeVMProtocol.swift; sourceTree = "<group>"; };
		85F5BE2D2A727E4B0075A899 /* Router.swift */ = {isa = PBXFileReference; lastKnownFileType = sourcecode.swift; path = Router.swift; sourceTree = "<group>"; };
		85F5BE302A727FA70075A899 /* SearchVM.swift */ = {isa = PBXFileReference; lastKnownFileType = sourcecode.swift; path = SearchVM.swift; sourceTree = "<group>"; };
		85F5BE322A727FBC0075A899 /* SearchVMProtocol.swift */ = {isa = PBXFileReference; lastKnownFileType = sourcecode.swift; path = SearchVMProtocol.swift; sourceTree = "<group>"; };
		85F5BE352A7280200075A899 /* RecipesVM.swift */ = {isa = PBXFileReference; lastKnownFileType = sourcecode.swift; path = RecipesVM.swift; sourceTree = "<group>"; };
		85F5BE372A72802F0075A899 /* RecipesVMProtocol.swift */ = {isa = PBXFileReference; lastKnownFileType = sourcecode.swift; path = RecipesVMProtocol.swift; sourceTree = "<group>"; };
		85F5BE3A2A72815B0075A899 /* EditProfileVM.swift */ = {isa = PBXFileReference; lastKnownFileType = sourcecode.swift; path = EditProfileVM.swift; sourceTree = "<group>"; };
		85F5BE3C2A7281670075A899 /* EditProfileVMProtocol.swift */ = {isa = PBXFileReference; lastKnownFileType = sourcecode.swift; path = EditProfileVMProtocol.swift; sourceTree = "<group>"; };
		85F5BE3E2A72836F0075A899 /* CreateNewVM.swift */ = {isa = PBXFileReference; lastKnownFileType = sourcecode.swift; path = CreateNewVM.swift; sourceTree = "<group>"; };
		85F5BE402A7283830075A899 /* CreateNewVMProtocol.swift */ = {isa = PBXFileReference; lastKnownFileType = sourcecode.swift; path = CreateNewVMProtocol.swift; sourceTree = "<group>"; };
		85F5BE432A7283D00075A899 /* PrepareVM.swift */ = {isa = PBXFileReference; lastKnownFileType = sourcecode.swift; path = PrepareVM.swift; sourceTree = "<group>"; };
		85F5BE452A7283D90075A899 /* PrepareVMProtocol.swift */ = {isa = PBXFileReference; lastKnownFileType = sourcecode.swift; path = PrepareVMProtocol.swift; sourceTree = "<group>"; };
		85F5BE482A7284750075A899 /* LoadVM.swift */ = {isa = PBXFileReference; lastKnownFileType = sourcecode.swift; path = LoadVM.swift; sourceTree = "<group>"; };
		85F5BE4A2A72847B0075A899 /* LoadVMProtocol.swift */ = {isa = PBXFileReference; lastKnownFileType = sourcecode.swift; path = LoadVMProtocol.swift; sourceTree = "<group>"; };
		85F5BE4D2A7284E20075A899 /* ProfileVM.swift */ = {isa = PBXFileReference; lastKnownFileType = sourcecode.swift; path = ProfileVM.swift; sourceTree = "<group>"; };
		85F5BE4F2A7284F40075A899 /* ProfileVMProtocol.swift */ = {isa = PBXFileReference; lastKnownFileType = sourcecode.swift; path = ProfileVMProtocol.swift; sourceTree = "<group>"; };
		85FE006D2A76463500F2D7E9 /* UserDefaults.swift */ = {isa = PBXFileReference; lastKnownFileType = sourcecode.swift; path = UserDefaults.swift; sourceTree = "<group>"; };
		85FE00702A7646BB00F2D7E9 /* UserDefaultsProtocol.swift */ = {isa = PBXFileReference; lastKnownFileType = sourcecode.swift; path = UserDefaultsProtocol.swift; sourceTree = "<group>"; };
		85FE00732A76482A00F2D7E9 /* CartVM.swift */ = {isa = PBXFileReference; lastKnownFileType = sourcecode.swift; path = CartVM.swift; sourceTree = "<group>"; };
		85FE00752A76483600F2D7E9 /* CartVMProtocol.swift */ = {isa = PBXFileReference; lastKnownFileType = sourcecode.swift; path = CartVMProtocol.swift; sourceTree = "<group>"; };
		85FE6B8E2A566C4600E6417D /* Storyboardable.swift */ = {isa = PBXFileReference; lastKnownFileType = sourcecode.swift; path = Storyboardable.swift; sourceTree = "<group>"; };
		85FE6B902A56715400E6417D /* CreateNewVC.swift */ = {isa = PBXFileReference; lastKnownFileType = sourcecode.swift; path = CreateNewVC.swift; sourceTree = "<group>"; };
		85FE6B942A56719800E6417D /* UIViewController.swift */ = {isa = PBXFileReference; lastKnownFileType = sourcecode.swift; path = UIViewController.swift; sourceTree = "<group>"; };
		85FE6B962A56725D00E6417D /* IngredientTableCell.swift */ = {isa = PBXFileReference; lastKnownFileType = sourcecode.swift; path = IngredientTableCell.swift; sourceTree = "<group>"; };
		C37B7E4D901A1FF8C3C4D501 /* Pods-Dishly.release.xcconfig */ = {isa = PBXFileReference; includeInIndex = 1; lastKnownFileType = text.xcconfig; name = "Pods-Dishly.release.xcconfig"; path = "Target Support Files/Pods-Dishly/Pods-Dishly.release.xcconfig"; sourceTree = "<group>"; };
		CA1C145446A00BC5402957FC /* Pods_Dishly.framework */ = {isa = PBXFileReference; explicitFileType = wrapper.framework; includeInIndex = 0; path = Pods_Dishly.framework; sourceTree = BUILT_PRODUCTS_DIR; };
/* End PBXFileReference section */

/* Begin PBXFrameworksBuildPhase section */
		85C1B6542A39FE5700BEAF2F /* Frameworks */ = {
			isa = PBXFrameworksBuildPhase;
			buildActionMask = 2147483647;
			files = (
				85C1B74A2A517F5500BEAF2F /* RealmSwift in Frameworks */,
				85C1B7482A517F5500BEAF2F /* Realm in Frameworks */,
				09B65E491BD62034DE8375C2 /* Pods_Dishly.framework in Frameworks */,
			);
			runOnlyForDeploymentPostprocessing = 0;
		};
/* End PBXFrameworksBuildPhase section */

/* Begin PBXGroup section */
		852666F22A596CF1005BFCFC /* TabBarController */ = {
			isa = PBXGroup;
			children = (
				85C1B6E82A447E9E00BEAF2F /* MainTabBarController.swift */,
				85F5BE242A727C3D0075A899 /* MainTabBarVM.swift */,
				85F5BE262A727C510075A899 /* MainTabBarVMProtocol.swift */,
			);
			path = TabBarController;
			sourceTree = "<group>";
		};
		852666F42A596D31005BFCFC /* CreateRecipeScreen */ = {
			isa = PBXGroup;
			children = (
				85FE6B902A56715400E6417D /* CreateNewVC.swift */,
				85F5BE3E2A72836F0075A899 /* CreateNewVM.swift */,
				85F5BE402A7283830075A899 /* CreateNewVMProtocol.swift */,
			);
			path = CreateRecipeScreen;
			sourceTree = "<group>";
		};
		853F3B222A5678A400D53EB8 /* Headers */ = {
			isa = PBXGroup;
			children = (
				85C1B70C2A45D11100BEAF2F /* ItemsHeader.swift */,
				8526670A2A5C3D76005BFCFC /* SearchHeader.swift */,
			);
			path = Headers;
			sourceTree = "<group>";
		};
		853F3B232A5678BA00D53EB8 /* CustomViews */ = {
			isa = PBXGroup;
			children = (
				85F5BDDD2A71A09C0075A899 /* CustomLabel.swift */,
				85BB924B2A67B78300E9E4A3 /* UIView.swift */,
				85BB924F2A67F0B600E9E4A3 /* UIImage.swift */,
				85BB92512A69401B00E9E4A3 /* NoRecipesImage.swift */,
				85C1B7222A49BA3B00BEAF2F /* CustomTextField.swift */,
				853EEB332A55798400DDB93F /* CollectionsPopupView.swift */,
				853F3B1E2A5676FA00D53EB8 /* CustomButton.swift */,
				8509D0732A5F01D9006E525B /* CustomTableView.swift */,
			);
			path = CustomViews;
			sourceTree = "<group>";
		};
		85C1B64E2A39FE5700BEAF2F = {
			isa = PBXGroup;
			children = (
				85C1B6592A39FE5700BEAF2F /* Dishly */,
				85C1B6582A39FE5700BEAF2F /* Products */,
				C944DCB2AA2C8D31EDF5EB5C /* Pods */,
				9248CECA03FD882F7C2C2728 /* Frameworks */,
			);
			sourceTree = "<group>";
		};
		85C1B6582A39FE5700BEAF2F /* Products */ = {
			isa = PBXGroup;
			children = (
				85C1B6572A39FE5700BEAF2F /* Dishly.app */,
			);
			name = Products;
			sourceTree = "<group>";
		};
		85C1B6592A39FE5700BEAF2F /* Dishly */ = {
			isa = PBXGroup;
			children = (
				85F5BE512A742C190075A899 /* Navigation */,
				85F5BDE32A71A1D60075A899 /* Factories */,
				85F5BDE22A71A16A0075A899 /* DependencyInjection */,
				85FE6B8B2A566A1500E6417D /* Storyboard */,
				85C1B6E72A447CAB00BEAF2F /* Support */,
				85C1B6F62A44858700BEAF2F /* Services */,
				85C1B6E52A447C9A00BEAF2F /* View-Model */,
				85C1B6E42A447C9500BEAF2F /* View */,
				85C1B6E32A447C8C00BEAF2F /* Model */,
				85C1B6E62A447CA100BEAF2F /* ViewControllers */,
				85C1B6FA2A4485C700BEAF2F /* Extensions */,
				85C1B6F92A4485BF00BEAF2F /* Utilities */,
				85C1B6652A39FE5800BEAF2F /* LaunchScreen.storyboard */,
				85C1B73A2A4DDF2E00BEAF2F /* GoogleService-Info.plist */,
				85C1B6632A39FE5800BEAF2F /* Assets.xcassets */,
				85C1B6682A39FE5800BEAF2F /* Info.plist */,
			);
			path = Dishly;
			sourceTree = "<group>";
		};
		85C1B6E32A447C8C00BEAF2F /* Model */ = {
			isa = PBXGroup;
			children = (
				85C1B6EE2A447ED900BEAF2F /* Recipe.swift */,
				85C1B6F02A447EDD00BEAF2F /* User.swift */,
				85C1B74B2A51A1C100BEAF2F /* UserRealm.swift */,
				853F3B322A57F4E500D53EB8 /* Collection.swift */,
				852667162A5D3851005BFCFC /* RecipeRealm.swift */,
			);
			path = Model;
			sourceTree = "<group>";
		};
		85C1B6E42A447C9500BEAF2F /* View */ = {
			isa = PBXGroup;
			children = (
				853F3B232A5678BA00D53EB8 /* CustomViews */,
				853F3B222A5678A400D53EB8 /* Headers */,
				85C1B6FB2A44862500BEAF2F /* Cells */,
			);
			path = View;
			sourceTree = "<group>";
		};
		85C1B6E52A447C9A00BEAF2F /* View-Model */ = {
			isa = PBXGroup;
			children = (
				85C1B6F42A4483D400BEAF2F /* RecipeViewModel.swift */,
				85C1B71A2A49893B00BEAF2F /* UserViewModel.swift */,
			);
			path = "View-Model";
			sourceTree = "<group>";
		};
		85C1B6E62A447CA100BEAF2F /* ViewControllers */ = {
			isa = PBXGroup;
			children = (
				85FE00722A76482100F2D7E9 /* CartViewController */,
				85F5BE4C2A7284D10075A899 /* ProfileScreen */,
				85F5BE472A72846C0075A899 /* LoadScreen */,
				85F5BE422A7283C40075A899 /* PrepareScreen */,
				85F5BE392A7280E90075A899 /* EditProfileScreen */,
				85F5BE342A7280100075A899 /* RecipesViewController */,
				85F5BE2F2A727F9B0075A899 /* SearchScreen */,
				85F5BE282A727D250075A899 /* RecipeScreen */,
				85F5BDEE2A71A5890075A899 /* SavedScreen */,
				85F5BDEC2A71A5350075A899 /* ExploreScreen */,
				85F5BDE62A71A4CC0075A899 /* AuthScreens */,
				85F5BDD92A719E0B0075A899 /* MealPlanScreen */,
				85F5BDD42A7195C60075A899 /* GreetScreen */,
				852666F22A596CF1005BFCFC /* TabBarController */,
				852666F42A596D31005BFCFC /* CreateRecipeScreen */,
				852666F82A5AEA92005BFCFC /* ProfileOptionVC.swift */,
			);
			path = ViewControllers;
			sourceTree = "<group>";
		};
		85C1B6E72A447CAB00BEAF2F /* Support */ = {
			isa = PBXGroup;
			children = (
				85C1B65C2A39FE5700BEAF2F /* SceneDelegate.swift */,
				85C1B65A2A39FE5700BEAF2F /* AppDelegate.swift */,
			);
			path = Support;
			sourceTree = "<group>";
		};
		85C1B6F62A44858700BEAF2F /* Services */ = {
			isa = PBXGroup;
			children = (
				85FE006F2A76468700F2D7E9 /* UserDefaultsService */,
				85F5BDFC2A71AABC0075A899 /* RecipesRealmService */,
				85F5BDFB2A71AAAB0075A899 /* AuthService */,
				85F5BDF92A71AA790075A899 /* UserRealmService */,
				85F5BDF82A71AA5D0075A899 /* GoogleAuthService */,
				85F5BDF72A71AA4D0075A899 /* CollectionService */,
				85F5BDF62A71AA460075A899 /* RecipesService */,
				85F5BDF52A71AA3D0075A899 /* MealsService */,
				85F5BDF22A71AA150075A899 /* UserService */,
				85C1B73D2A4DE09500BEAF2F /* ImageUploader.swift */,
			);
			path = Services;
			sourceTree = "<group>";
		};
		85C1B6F92A4485BF00BEAF2F /* Utilities */ = {
			isa = PBXGroup;
			children = (
				85C1B73F2A4DE16700BEAF2F /* AuthCreds.swift */,
				85FE6B8E2A566C4600E6417D /* Storyboardable.swift */,
				853F3B3E2A5864E400D53EB8 /* ConfigureRecipes.swift */,
				852667142A5C68EC005BFCFC /* Errors.swift */,
				85C1B7442A51534900BEAF2F /* Constants.swift */,
				853F3B2C2A56D98400D53EB8 /* MyGroceries.swift */,
				852666FA2A5AEC2E005BFCFC /* PrivacyPolicy.swift */,
				852666FC2A5AEEF8005BFCFC /* TermsAndConditions.swift */,
				852666FE2A5AF1CA005BFCFC /* AppColors.swift */,
				85BB92492A66864800E9E4A3 /* Theme.swift */,
				85F5BDE42A71A2C20075A899 /* ThemeManager.swift */,
			);
			path = Utilities;
			sourceTree = "<group>";
		};
		85C1B6FA2A4485C700BEAF2F /* Extensions */ = {
			isa = PBXGroup;
			children = (
				852666EE2A59188D005BFCFC /* NSLayoutDimension.swift */,
				85C1B72C2A4D969700BEAF2F /* UIButton.swift */,
				85C1B7512A52D51E00BEAF2F /* UIImageView.swift */,
				85FE6B942A56719800E6417D /* UIViewController.swift */,
				85BB924D2A67BA9D00E9E4A3 /* UILabel.swift */,
			);
			path = Extensions;
			sourceTree = "<group>";
		};
		85C1B6FB2A44862500BEAF2F /* Cells */ = {
			isa = PBXGroup;
			children = (
				8509D0582A5F011C006E525B /* ProfileOptionCell.swift */,
				8509D0572A5F011C006E525B /* RecipeCell.swift */,
				8509D0512A5F011C006E525B /* SearchTableCell.swift */,
				85D4C94F2A5EFDBD009D20D5 /* CollectionCell.swift */,
				85D4C9502A5EFDBD009D20D5 /* ProfileInfoCell.swift */,
				85D4C9512A5EFDBD009D20D5 /* ParentCell.swift */,
				85D4C9522A5EFDBD009D20D5 /* ProfileOptionCell.swift */,
				85D4C9532A5EFDBD009D20D5 /* CategoryCell.swift */,
				8509D0552A5F011C006E525B /* PrepareTableCell.xib */,
				85D4C9542A5EFDBD009D20D5 /* PrepareTableCell.swift */,
				85D4C9552A5EFDBD009D20D5 /* RecipeCell.swift */,
				85D4C9562A5EFDBD009D20D5 /* SearchTableCell.swift */,
				85D4C9582A5EFDBD009D20D5 /* IngredientTableCell.xib */,
				85D4C9572A5EFDBD009D20D5 /* IngredientTableCell.swift */,
				85C1B6FE2A458CBE00BEAF2F /* CategoryCell.swift */,
				85C1B7042A45A7AF00BEAF2F /* RecipeCell.swift */,
				85C1B7062A45B71C00BEAF2F /* ParentCell.swift */,
				85C1B7082A45CF9700BEAF2F /* ProfileOptionCell.swift */,
				85C1B7282A4C2B9B00BEAF2F /* ProfileInfoCell.swift */,
				85FE6B962A56725D00E6417D /* IngredientTableCell.swift */,
				853F3B262A567C7400D53EB8 /* PrepareTableCell.swift */,
				853F3B302A57F19300D53EB8 /* CollectionCell.swift */,
				853F3B3C2A585FEC00D53EB8 /* SearchTableCell.swift */,
			);
			path = Cells;
			sourceTree = "<group>";
		};
		85F5BDD42A7195C60075A899 /* GreetScreen */ = {
			isa = PBXGroup;
			children = (
				85F5BDE92A71A4F30075A899 /* VC */,
				85F5BE202A727B250075A899 /* GreetVM.swift */,
				85F5BE222A727B2E0075A899 /* GreetVMProtocol.swift */,
			);
			path = GreetScreen;
			sourceTree = "<group>";
		};
		85F5BDD92A719E0B0075A899 /* MealPlanScreen */ = {
			isa = PBXGroup;
			children = (
				85F5BDDB2A719E7D0075A899 /* VC */,
				85F5BDDA2A719E260075A899 /* Cells */,
				85F5BE1C2A7279240075A899 /* MealPlanVM.swift */,
				85F5BE1E2A7279350075A899 /* MealPlanVMProtocol.swift */,
			);
			path = MealPlanScreen;
			sourceTree = "<group>";
		};
		85F5BDDA2A719E260075A899 /* Cells */ = {
			isa = PBXGroup;
			children = (
				85C1B7162A487C1C00BEAF2F /* MealCell.swift */,
			);
			path = Cells;
			sourceTree = "<group>";
		};
		85F5BDDB2A719E7D0075A899 /* VC */ = {
			isa = PBXGroup;
			children = (
				85C1B70E2A485A6900BEAF2F /* MealPlanViewController.swift */,
			);
			path = VC;
			sourceTree = "<group>";
		};
		85F5BDE22A71A16A0075A899 /* DependencyInjection */ = {
			isa = PBXGroup;
			children = (
				85C1B7412A4F069F00BEAF2F /* DependencyContainer.swift */,
			);
			path = DependencyInjection;
			sourceTree = "<group>";
		};
		85F5BDE32A71A1D60075A899 /* Factories */ = {
			isa = PBXGroup;
			children = (
				8526671C2A5E7464005BFCFC /* Alerts.swift */,
				85C1B7552A541AA000BEAF2F /* RandomUsernameGenerator.swift */,
			);
			path = Factories;
			sourceTree = "<group>";
		};
		85F5BDE62A71A4CC0075A899 /* AuthScreens */ = {
			isa = PBXGroup;
			children = (
				85F5BDE82A71A4E50075A899 /* SignInScreen */,
				85F5BDE72A71A4DB0075A899 /* SignUpScreen */,
			);
			path = AuthScreens;
			sourceTree = "<group>";
		};
		85F5BDE72A71A4DB0075A899 /* SignUpScreen */ = {
			isa = PBXGroup;
			children = (
				85F5BDEB2A71A5150075A899 /* VC */,
				85F5BE182A7278430075A899 /* SignUpVM.swift */,
				85F5BE1A2A7278480075A899 /* SignUpVMProtocol.swift */,
			);
			path = SignUpScreen;
			sourceTree = "<group>";
		};
		85F5BDE82A71A4E50075A899 /* SignInScreen */ = {
			isa = PBXGroup;
			children = (
				85F5BDEA2A71A50B0075A899 /* VC */,
				85F5BE142A7273D50075A899 /* SignInVM.swift */,
				85F5BE162A7273DB0075A899 /* SignInVMProtocol.swift */,
			);
			path = SignInScreen;
			sourceTree = "<group>";
		};
		85F5BDE92A71A4F30075A899 /* VC */ = {
			isa = PBXGroup;
			children = (
				85C1B72A2A4D8F4C00BEAF2F /* GreetViewController.swift */,
			);
			path = VC;
			sourceTree = "<group>";
		};
		85F5BDEA2A71A50B0075A899 /* VC */ = {
			isa = PBXGroup;
			children = (
				85C1B71C2A49942B00BEAF2F /* LogInViewController.swift */,
			);
			path = VC;
			sourceTree = "<group>";
		};
		85F5BDEB2A71A5150075A899 /* VC */ = {
			isa = PBXGroup;
			children = (
				85C1B71E2A49943300BEAF2F /* SignUpViewController.swift */,
			);
			path = VC;
			sourceTree = "<group>";
		};
		85F5BDEC2A71A5350075A899 /* ExploreScreen */ = {
			isa = PBXGroup;
			children = (
				85F5BDED2A71A5420075A899 /* VC */,
				85F5BE102A72716C0075A899 /* ExploreVM.swift */,
				85F5BE122A72717A0075A899 /* ExploreVMProtocol.swift */,
			);
			path = ExploreScreen;
			sourceTree = "<group>";
		};
		85F5BDED2A71A5420075A899 /* VC */ = {
			isa = PBXGroup;
			children = (
				85C1B6EA2A447EA500BEAF2F /* ExploreViewController.swift */,
			);
			path = VC;
			sourceTree = "<group>";
		};
		85F5BDEE2A71A5890075A899 /* SavedScreen */ = {
			isa = PBXGroup;
			children = (
				85C1B70A2A45D08E00BEAF2F /* SavedViewController.swift */,
				85F5BE0B2A726CD40075A899 /* Protocols */,
				85F5BE0E2A726D360075A899 /* SavedVM.swift */,
			);
			path = SavedScreen;
			sourceTree = "<group>";
		};
		85F5BDF22A71AA150075A899 /* UserService */ = {
			isa = PBXGroup;
			children = (
				85F5BDF32A71AA2A0075A899 /* UserServiceProtocol.swift */,
				85C1B7142A48723200BEAF2F /* UserService.swift */,
			);
			path = UserService;
			sourceTree = "<group>";
		};
		85F5BDF52A71AA3D0075A899 /* MealsService */ = {
			isa = PBXGroup;
			children = (
				852667042A5C2639005BFCFC /* MealsService.swift */,
				85F5BE092A71AB7F0075A899 /* MealsServiceProtocol.swift */,
			);
			path = MealsService;
			sourceTree = "<group>";
		};
		85F5BDF62A71AA460075A899 /* RecipesService */ = {
			isa = PBXGroup;
			children = (
				85C1B6FC2A44A00200BEAF2F /* RecipesService.swift */,
				85F5BE072A71AB6B0075A899 /* RecipeServiceProtocol.swift */,
			);
			path = RecipesService;
			sourceTree = "<group>";
		};
		85F5BDF72A71AA4D0075A899 /* CollectionService */ = {
			isa = PBXGroup;
			children = (
				853F3B362A58086B00D53EB8 /* CollectionsService.swift */,
				85F5BE052A71AB570075A899 /* CollectionServiceProtocol.swift */,
			);
			path = CollectionService;
			sourceTree = "<group>";
		};
		85F5BDF82A71AA5D0075A899 /* GoogleAuthService */ = {
			isa = PBXGroup;
			children = (
				85C1B7572A5481BC00BEAF2F /* GoogleAuthService.swift */,
				85F5BE032A71AB2E0075A899 /* GoogleAuthServiceProtocol.swift */,
			);
			path = GoogleAuthService;
			sourceTree = "<group>";
		};
		85F5BDF92A71AA790075A899 /* UserRealmService */ = {
			isa = PBXGroup;
			children = (
				85C1B74D2A51A23A00BEAF2F /* UserRealmService.swift */,
				85F5BE012A71AB1B0075A899 /* UserRealmServiceProtocol.swift */,
			);
			path = UserRealmService;
			sourceTree = "<group>";
		};
		85F5BDFB2A71AAAB0075A899 /* AuthService */ = {
			isa = PBXGroup;
			children = (
				85C1B6F72A4485AE00BEAF2F /* AuthService.swift */,
				85F5BDFF2A71AAFD0075A899 /* AuthServiceProtocol.swift */,
			);
			path = AuthService;
			sourceTree = "<group>";
		};
		85F5BDFC2A71AABC0075A899 /* RecipesRealmService */ = {
			isa = PBXGroup;
			children = (
				8526671E2A5E8458005BFCFC /* RecipesRealmService.swift */,
				85F5BDFD2A71AAE80075A899 /* RecipesRealmServiceProtocol.swift */,
			);
			path = RecipesRealmService;
			sourceTree = "<group>";
		};
		85F5BE0B2A726CD40075A899 /* Protocols */ = {
			isa = PBXGroup;
			children = (
				85F5BE0C2A726CE30075A899 /* SavedVMProtocol.swift */,
			);
			path = Protocols;
			sourceTree = "<group>";
		};
		85F5BE282A727D250075A899 /* RecipeScreen */ = {
			isa = PBXGroup;
			children = (
				85C1B7182A4982EF00BEAF2F /* RecipeViewController.swift */,
				85F5BE292A727D2D0075A899 /* RecipeVM.swift */,
				85F5BE2B2A727D380075A899 /* RecipeVMProtocol.swift */,
			);
			path = RecipeScreen;
			sourceTree = "<group>";
		};
		85F5BE2F2A727F9B0075A899 /* SearchScreen */ = {
			isa = PBXGroup;
			children = (
				853F3B3A2A58569F00D53EB8 /* SearchViewControler.swift */,
				85F5BE302A727FA70075A899 /* SearchVM.swift */,
				85F5BE322A727FBC0075A899 /* SearchVMProtocol.swift */,
			);
			path = SearchScreen;
			sourceTree = "<group>";
		};
		85F5BE342A7280100075A899 /* RecipesViewController */ = {
			isa = PBXGroup;
			children = (
				852666F62A59917A005BFCFC /* RecipesViewController.swift */,
				85F5BE352A7280200075A899 /* RecipesVM.swift */,
				85F5BE372A72802F0075A899 /* RecipesVMProtocol.swift */,
			);
			path = RecipesViewController;
			sourceTree = "<group>";
		};
		85F5BE392A7280E90075A899 /* EditProfileScreen */ = {
			isa = PBXGroup;
			children = (
				85C1B7262A4C26AD00BEAF2F /* EditProfileViewController.swift */,
				85F5BE3A2A72815B0075A899 /* EditProfileVM.swift */,
				85F5BE3C2A7281670075A899 /* EditProfileVMProtocol.swift */,
			);
			path = EditProfileScreen;
			sourceTree = "<group>";
		};
		85F5BE422A7283C40075A899 /* PrepareScreen */ = {
			isa = PBXGroup;
			children = (
				853F3B242A567C2E00D53EB8 /* PrepareViewController.swift */,
				85F5BE432A7283D00075A899 /* PrepareVM.swift */,
				85F5BE452A7283D90075A899 /* PrepareVMProtocol.swift */,
			);
			path = PrepareScreen;
			sourceTree = "<group>";
		};
		85F5BE472A72846C0075A899 /* LoadScreen */ = {
			isa = PBXGroup;
			children = (
				85BB92472A66370F00E9E4A3 /* LoadViewController.swift */,
				85F5BE482A7284750075A899 /* LoadVM.swift */,
				85F5BE4A2A72847B0075A899 /* LoadVMProtocol.swift */,
			);
			path = LoadScreen;
			sourceTree = "<group>";
		};
		85F5BE4C2A7284D10075A899 /* ProfileScreen */ = {
			isa = PBXGroup;
			children = (
				85C1B6EC2A447EAD00BEAF2F /* ProfileViewController.swift */,
				85F5BE4D2A7284E20075A899 /* ProfileVM.swift */,
				85F5BE4F2A7284F40075A899 /* ProfileVMProtocol.swift */,
			);
			path = ProfileScreen;
			sourceTree = "<group>";
		};
		85F5BE512A742C190075A899 /* Navigation */ = {
			isa = PBXGroup;
			children = (
				85F5BE2D2A727E4B0075A899 /* Router.swift */,
			);
			path = Navigation;
			sourceTree = "<group>";
		};
		85FE006F2A76468700F2D7E9 /* UserDefaultsService */ = {
			isa = PBXGroup;
			children = (
				85FE006D2A76463500F2D7E9 /* UserDefaults.swift */,
				85FE00702A7646BB00F2D7E9 /* UserDefaultsProtocol.swift */,
			);
			path = UserDefaultsService;
			sourceTree = "<group>";
		};
		85FE00722A76482100F2D7E9 /* CartViewController */ = {
			isa = PBXGroup;
			children = (
				85C1B7102A485B2300BEAF2F /* CartViewController.swift */,
				85FE00732A76482A00F2D7E9 /* CartVM.swift */,
				85FE00752A76483600F2D7E9 /* CartVMProtocol.swift */,
			);
			path = CartViewController;
			sourceTree = "<group>";
		};
		85FE6B8B2A566A1500E6417D /* Storyboard */ = {
			isa = PBXGroup;
			children = (
				85C1B6602A39FE5700BEAF2F /* Main.storyboard */,
			);
			path = Storyboard;
			sourceTree = "<group>";
		};
		9248CECA03FD882F7C2C2728 /* Frameworks */ = {
			isa = PBXGroup;
			children = (
				CA1C145446A00BC5402957FC /* Pods_Dishly.framework */,
			);
			name = Frameworks;
			sourceTree = "<group>";
		};
		C944DCB2AA2C8D31EDF5EB5C /* Pods */ = {
			isa = PBXGroup;
			children = (
				84CC89D4F3A988B2F794987D /* Pods-Dishly.debug.xcconfig */,
				C37B7E4D901A1FF8C3C4D501 /* Pods-Dishly.release.xcconfig */,
			);
			path = Pods;
			sourceTree = "<group>";
		};
/* End PBXGroup section */

/* Begin PBXNativeTarget section */
		85C1B6562A39FE5700BEAF2F /* Dishly */ = {
			isa = PBXNativeTarget;
			buildConfigurationList = 85C1B66B2A39FE5800BEAF2F /* Build configuration list for PBXNativeTarget "Dishly" */;
			buildPhases = (
				C75EC7E42AD14C4D1450FB0F /* [CP] Check Pods Manifest.lock */,
				85C1B6532A39FE5700BEAF2F /* Sources */,
				85C1B6542A39FE5700BEAF2F /* Frameworks */,
				85C1B6552A39FE5700BEAF2F /* Resources */,
				CF4ABEFBF80D07C12B4D5673 /* [CP] Embed Pods Frameworks */,
			);
			buildRules = (
			);
			dependencies = (
			);
			name = Dishly;
			packageProductDependencies = (
				85C1B7472A517F5500BEAF2F /* Realm */,
				85C1B7492A517F5500BEAF2F /* RealmSwift */,
			);
			productName = Dishly;
			productReference = 85C1B6572A39FE5700BEAF2F /* Dishly.app */;
			productType = "com.apple.product-type.application";
		};
/* End PBXNativeTarget section */

/* Begin PBXProject section */
		85C1B64F2A39FE5700BEAF2F /* Project object */ = {
			isa = PBXProject;
			attributes = {
				BuildIndependentTargetsInParallel = 1;
				LastSwiftUpdateCheck = 1430;
				LastUpgradeCheck = 1430;
				TargetAttributes = {
					85C1B6562A39FE5700BEAF2F = {
						CreatedOnToolsVersion = 14.3.1;
					};
				};
			};
			buildConfigurationList = 85C1B6522A39FE5700BEAF2F /* Build configuration list for PBXProject "Dishly" */;
			compatibilityVersion = "Xcode 14.0";
			developmentRegion = en;
			hasScannedForEncodings = 0;
			knownRegions = (
				en,
				Base,
			);
			mainGroup = 85C1B64E2A39FE5700BEAF2F;
			packageReferences = (
				85C1B7462A517F5500BEAF2F /* XCRemoteSwiftPackageReference "realm-swift" */,
			);
			productRefGroup = 85C1B6582A39FE5700BEAF2F /* Products */;
			projectDirPath = "";
			projectRoot = "";
			targets = (
				85C1B6562A39FE5700BEAF2F /* Dishly */,
			);
		};
/* End PBXProject section */

/* Begin PBXResourcesBuildPhase section */
		85C1B6552A39FE5700BEAF2F /* Resources */ = {
			isa = PBXResourcesBuildPhase;
			buildActionMask = 2147483647;
			files = (
				855218F32A6FB407004ED14A /* PrepareTableCell.xib in Resources */,
				85D4C9642A5EFE64009D20D5 /* IngredientTableCell.xib in Resources */,
				85C1B6672A39FE5800BEAF2F /* LaunchScreen.storyboard in Resources */,
				85C1B73B2A4DDF2E00BEAF2F /* GoogleService-Info.plist in Resources */,
				85C1B6642A39FE5800BEAF2F /* Assets.xcassets in Resources */,
				85C1B6622A39FE5700BEAF2F /* Main.storyboard in Resources */,
			);
			runOnlyForDeploymentPostprocessing = 0;
		};
/* End PBXResourcesBuildPhase section */

/* Begin PBXShellScriptBuildPhase section */
		C75EC7E42AD14C4D1450FB0F /* [CP] Check Pods Manifest.lock */ = {
			isa = PBXShellScriptBuildPhase;
			buildActionMask = 2147483647;
			files = (
			);
			inputFileListPaths = (
			);
			inputPaths = (
				"${PODS_PODFILE_DIR_PATH}/Podfile.lock",
				"${PODS_ROOT}/Manifest.lock",
			);
			name = "[CP] Check Pods Manifest.lock";
			outputFileListPaths = (
			);
			outputPaths = (
				"$(DERIVED_FILE_DIR)/Pods-Dishly-checkManifestLockResult.txt",
			);
			runOnlyForDeploymentPostprocessing = 0;
			shellPath = /bin/sh;
			shellScript = "diff \"${PODS_PODFILE_DIR_PATH}/Podfile.lock\" \"${PODS_ROOT}/Manifest.lock\" > /dev/null\nif [ $? != 0 ] ; then\n    # print error to STDERR\n    echo \"error: The sandbox is not in sync with the Podfile.lock. Run 'pod install' or update your CocoaPods installation.\" >&2\n    exit 1\nfi\n# This output is used by Xcode 'outputs' to avoid re-running this script phase.\necho \"SUCCESS\" > \"${SCRIPT_OUTPUT_FILE_0}\"\n";
			showEnvVarsInLog = 0;
		};
		CF4ABEFBF80D07C12B4D5673 /* [CP] Embed Pods Frameworks */ = {
			isa = PBXShellScriptBuildPhase;
			buildActionMask = 2147483647;
			files = (
			);
			inputFileListPaths = (
				"${PODS_ROOT}/Target Support Files/Pods-Dishly/Pods-Dishly-frameworks-${CONFIGURATION}-input-files.xcfilelist",
			);
			name = "[CP] Embed Pods Frameworks";
			outputFileListPaths = (
				"${PODS_ROOT}/Target Support Files/Pods-Dishly/Pods-Dishly-frameworks-${CONFIGURATION}-output-files.xcfilelist",
			);
			runOnlyForDeploymentPostprocessing = 0;
			shellPath = /bin/sh;
			shellScript = "\"${PODS_ROOT}/Target Support Files/Pods-Dishly/Pods-Dishly-frameworks.sh\"\n";
			showEnvVarsInLog = 0;
		};
/* End PBXShellScriptBuildPhase section */

/* Begin PBXSourcesBuildPhase section */
		85C1B6532A39FE5700BEAF2F /* Sources */ = {
			isa = PBXSourcesBuildPhase;
			buildActionMask = 2147483647;
			files = (
				85F5BE3D2A7281670075A899 /* EditProfileVMProtocol.swift in Sources */,
				85C1B7232A49BA3B00BEAF2F /* CustomTextField.swift in Sources */,
				85F5BE1F2A7279350075A899 /* MealPlanVMProtocol.swift in Sources */,
				85C1B6ED2A447EAD00BEAF2F /* ProfileViewController.swift in Sources */,
				85F5BE412A7283830075A899 /* CreateNewVMProtocol.swift in Sources */,
				8509D05A2A5F011C006E525B /* RecipeCell.swift in Sources */,
				852666FF2A5AF1CA005BFCFC /* AppColors.swift in Sources */,
				85D4C95E2A5EFDFE009D20D5 /* ProfileInfoCell.swift in Sources */,
				85C1B74E2A51A23A00BEAF2F /* UserRealmService.swift in Sources */,
				853F3B1F2A5676FA00D53EB8 /* CustomButton.swift in Sources */,
				85F5BE492A7284750075A899 /* LoadVM.swift in Sources */,
				85F5BE0D2A726CE30075A899 /* SavedVMProtocol.swift in Sources */,
				85F5BDE52A71A2C20075A899 /* ThemeManager.swift in Sources */,
				85C1B71B2A49893B00BEAF2F /* UserViewModel.swift in Sources */,
				85F5BE132A72717A0075A899 /* ExploreVMProtocol.swift in Sources */,
				85FE00712A7646BB00F2D7E9 /* UserDefaultsProtocol.swift in Sources */,
				85C1B74C2A51A1C100BEAF2F /* UserRealm.swift in Sources */,
				85F5BE172A7273DB0075A899 /* SignInVMProtocol.swift in Sources */,
				85D4C95A2A5EFDFE009D20D5 /* CollectionCell.swift in Sources */,
				85F5BE2E2A727E4B0075A899 /* Router.swift in Sources */,
				85FE00742A76482A00F2D7E9 /* CartVM.swift in Sources */,
				85F5BE382A72802F0075A899 /* RecipesVMProtocol.swift in Sources */,
				85F5BE192A7278430075A899 /* SignUpVM.swift in Sources */,
				852667172A5D3851005BFCFC /* RecipeRealm.swift in Sources */,
				85F5BDDE2A71A09C0075A899 /* CustomLabel.swift in Sources */,
				85BB924E2A67BA9D00E9E4A3 /* UILabel.swift in Sources */,
				85C1B7402A4DE16700BEAF2F /* AuthCreds.swift in Sources */,
				85BB92522A69401B00E9E4A3 /* NoRecipesImage.swift in Sources */,
				85C1B72D2A4D969700BEAF2F /* UIButton.swift in Sources */,
				85F5BE1B2A7278480075A899 /* SignUpVMProtocol.swift in Sources */,
				85C1B6F52A4483D400BEAF2F /* RecipeViewModel.swift in Sources */,
				853F3B372A58086B00D53EB8 /* CollectionsService.swift in Sources */,
				85BB924A2A66864800E9E4A3 /* Theme.swift in Sources */,
				85D4C9622A5EFDFE009D20D5 /* ProfileOptionCell.swift in Sources */,
				85D4C9632A5EFDFE009D20D5 /* IngredientTableCell.swift in Sources */,
				853F3B2D2A56D98400D53EB8 /* MyGroceries.swift in Sources */,
				85C1B7052A45A7AF00BEAF2F /* RecipeCell.swift in Sources */,
				85F5BE212A727B250075A899 /* GreetVM.swift in Sources */,
				85D4C95F2A5EFDFE009D20D5 /* PrepareTableCell.swift in Sources */,
				85C1B6EF2A447ED900BEAF2F /* Recipe.swift in Sources */,
				853F3B3F2A5864E400D53EB8 /* ConfigureRecipes.swift in Sources */,
				85FE6B952A56719800E6417D /* UIViewController.swift in Sources */,
				85C1B70F2A485A6900BEAF2F /* MealPlanViewController.swift in Sources */,
				85C1B7272A4C26AD00BEAF2F /* EditProfileViewController.swift in Sources */,
				85FE6B972A56725D00E6417D /* IngredientTableCell.swift in Sources */,
				852667052A5C2639005BFCFC /* MealsService.swift in Sources */,
				85C1B65B2A39FE5700BEAF2F /* AppDelegate.swift in Sources */,
				85C1B7522A52D51E00BEAF2F /* UIImageView.swift in Sources */,
				85FE6B8F2A566C4600E6417D /* Storyboardable.swift in Sources */,
				85F5BE3F2A72836F0075A899 /* CreateNewVM.swift in Sources */,
				85FE00762A76483600F2D7E9 /* CartVMProtocol.swift in Sources */,
				85D4C9602A5EFDFE009D20D5 /* RecipeCell.swift in Sources */,
				85C1B72B2A4D8F4C00BEAF2F /* GreetViewController.swift in Sources */,
				85F5BE062A71AB570075A899 /* CollectionServiceProtocol.swift in Sources */,
				85F5BE042A71AB2E0075A899 /* GoogleAuthServiceProtocol.swift in Sources */,
				85C1B6F12A447EDD00BEAF2F /* User.swift in Sources */,
				85C1B73E2A4DE09500BEAF2F /* ImageUploader.swift in Sources */,
				85F5BE0F2A726D360075A899 /* SavedVM.swift in Sources */,
				853F3B252A567C2E00D53EB8 /* PrepareViewController.swift in Sources */,
				85C1B6FD2A44A00200BEAF2F /* RecipesService.swift in Sources */,
				85F5BE332A727FBC0075A899 /* SearchVMProtocol.swift in Sources */,
				85C1B6EB2A447EA500BEAF2F /* ExploreViewController.swift in Sources */,
				853F3B312A57F19300D53EB8 /* CollectionCell.swift in Sources */,
				85C1B6F82A4485AE00BEAF2F /* AuthService.swift in Sources */,
				8509D0742A5F01D9006E525B /* CustomTableView.swift in Sources */,
				85F5BDFE2A71AAE80075A899 /* RecipesRealmServiceProtocol.swift in Sources */,
				85FE6B912A56715400E6417D /* CreateNewVC.swift in Sources */,
				85D4C95D2A5EFDFE009D20D5 /* CategoryCell.swift in Sources */,
				853EEB342A55798400DDB93F /* CollectionsPopupView.swift in Sources */,
				85C1B7112A485B2300BEAF2F /* CartViewController.swift in Sources */,
				853F3B3B2A58569F00D53EB8 /* SearchViewControler.swift in Sources */,
				85FE006E2A76463500F2D7E9 /* UserDefaults.swift in Sources */,
				85F5BE312A727FA70075A899 /* SearchVM.swift in Sources */,
				85C1B7072A45B71C00BEAF2F /* ParentCell.swift in Sources */,
				85BB924C2A67B78300E9E4A3 /* UIView.swift in Sources */,
				85F5BE002A71AAFD0075A899 /* AuthServiceProtocol.swift in Sources */,
				852666FB2A5AEC2E005BFCFC /* PrivacyPolicy.swift in Sources */,
				852666F92A5AEA92005BFCFC /* ProfileOptionVC.swift in Sources */,
				85C1B7422A4F069F00BEAF2F /* DependencyContainer.swift in Sources */,
				85C1B7152A48723200BEAF2F /* UserService.swift in Sources */,
				85F5BE1D2A7279240075A899 /* MealPlanVM.swift in Sources */,
				85C1B7092A45CF9700BEAF2F /* ProfileOptionCell.swift in Sources */,
				85F5BE082A71AB6B0075A899 /* RecipeServiceProtocol.swift in Sources */,
				852666FD2A5AEEF9005BFCFC /* TermsAndConditions.swift in Sources */,
				85F5BE152A7273D50075A899 /* SignInVM.swift in Sources */,
				8526670B2A5C3D76005BFCFC /* SearchHeader.swift in Sources */,
				852666EF2A59188D005BFCFC /* NSLayoutDimension.swift in Sources */,
				853F3B272A567C7400D53EB8 /* PrepareTableCell.swift in Sources */,
				85F5BE2A2A727D2D0075A899 /* RecipeVM.swift in Sources */,
				85F5BE022A71AB1B0075A899 /* UserRealmServiceProtocol.swift in Sources */,
				85C1B7172A487C1C00BEAF2F /* MealCell.swift in Sources */,
				85C1B70B2A45D08E00BEAF2F /* SavedViewController.swift in Sources */,
				85F5BE442A7283D00075A899 /* PrepareVM.swift in Sources */,
				85F5BE4E2A7284E20075A899 /* ProfileVM.swift in Sources */,
				8509D05B2A5F011C006E525B /* ProfileOptionCell.swift in Sources */,
				85F5BE252A727C3D0075A899 /* MainTabBarVM.swift in Sources */,
				85C1B7192A4982EF00BEAF2F /* RecipeViewController.swift in Sources */,
				852666F72A59917A005BFCFC /* RecipesViewController.swift in Sources */,
				85C1B7582A5481BC00BEAF2F /* GoogleAuthService.swift in Sources */,
				85D4C9612A5EFDFE009D20D5 /* SearchTableCell.swift in Sources */,
				85F5BE0A2A71AB7F0075A899 /* MealsServiceProtocol.swift in Sources */,
				85C1B6E92A447E9E00BEAF2F /* MainTabBarController.swift in Sources */,
				85F5BDF42A71AA2A0075A899 /* UserServiceProtocol.swift in Sources */,
				85C1B65D2A39FE5700BEAF2F /* SceneDelegate.swift in Sources */,
				85BB92502A67F0B600E9E4A3 /* UIImage.swift in Sources */,
				85F5BE2C2A727D380075A899 /* RecipeVMProtocol.swift in Sources */,
				85C1B7562A541AA000BEAF2F /* RandomUsernameGenerator.swift in Sources */,
				85C1B6FF2A458CBE00BEAF2F /* CategoryCell.swift in Sources */,
				85F5BE462A7283D90075A899 /* PrepareVMProtocol.swift in Sources */,
				85F5BE272A727C510075A899 /* MainTabBarVMProtocol.swift in Sources */,
				85BB92482A66370F00E9E4A3 /* LoadViewController.swift in Sources */,
				85F5BE502A7284F40075A899 /* ProfileVMProtocol.swift in Sources */,
				85F5BE3B2A72815B0075A899 /* EditProfileVM.swift in Sources */,
				85C1B71D2A49942B00BEAF2F /* LogInViewController.swift in Sources */,
				85C1B71F2A49943300BEAF2F /* SignUpViewController.swift in Sources */,
				853F3B332A57F4E500D53EB8 /* Collection.swift in Sources */,
				8526671F2A5E8458005BFCFC /* RecipesRealmService.swift in Sources */,
				852667152A5C68EC005BFCFC /* Errors.swift in Sources */,
				85F5BE112A72716C0075A899 /* ExploreVM.swift in Sources */,
				85F5BE4B2A72847B0075A899 /* LoadVMProtocol.swift in Sources */,
				85F5BE232A727B2E0075A899 /* GreetVMProtocol.swift in Sources */,
				8509D05F2A5F011C006E525B /* SearchTableCell.swift in Sources */,
				85C1B70D2A45D11100BEAF2F /* ItemsHeader.swift in Sources */,
				85C1B7292A4C2B9B00BEAF2F /* ProfileInfoCell.swift in Sources */,
				85D4C95C2A5EFDFE009D20D5 /* ParentCell.swift in Sources */,
				85F5BE362A7280200075A899 /* RecipesVM.swift in Sources */,
				8526671D2A5E7464005BFCFC /* Alerts.swift in Sources */,
				853F3B3D2A585FEC00D53EB8 /* SearchTableCell.swift in Sources */,
				85C1B7452A51534900BEAF2F /* Constants.swift in Sources */,
			);
			runOnlyForDeploymentPostprocessing = 0;
		};
/* End PBXSourcesBuildPhase section */

/* Begin PBXVariantGroup section */
		85C1B6602A39FE5700BEAF2F /* Main.storyboard */ = {
			isa = PBXVariantGroup;
			children = (
				85C1B6612A39FE5700BEAF2F /* Base */,
			);
			name = Main.storyboard;
			sourceTree = "<group>";
		};
		85C1B6652A39FE5800BEAF2F /* LaunchScreen.storyboard */ = {
			isa = PBXVariantGroup;
			children = (
				85C1B6662A39FE5800BEAF2F /* Base */,
			);
			name = LaunchScreen.storyboard;
			sourceTree = "<group>";
		};
/* End PBXVariantGroup section */

/* Begin XCBuildConfiguration section */
		85C1B6692A39FE5800BEAF2F /* Debug */ = {
			isa = XCBuildConfiguration;
			buildSettings = {
				ALWAYS_SEARCH_USER_PATHS = NO;
				CLANG_ANALYZER_NONNULL = YES;
				CLANG_ANALYZER_NUMBER_OBJECT_CONVERSION = YES_AGGRESSIVE;
				CLANG_CXX_LANGUAGE_STANDARD = "gnu++20";
				CLANG_ENABLE_MODULES = YES;
				CLANG_ENABLE_OBJC_ARC = YES;
				CLANG_ENABLE_OBJC_WEAK = YES;
				CLANG_WARN_BLOCK_CAPTURE_AUTORELEASING = YES;
				CLANG_WARN_BOOL_CONVERSION = YES;
				CLANG_WARN_COMMA = YES;
				CLANG_WARN_CONSTANT_CONVERSION = YES;
				CLANG_WARN_DEPRECATED_OBJC_IMPLEMENTATIONS = YES;
				CLANG_WARN_DIRECT_OBJC_ISA_USAGE = YES_ERROR;
				CLANG_WARN_DOCUMENTATION_COMMENTS = YES;
				CLANG_WARN_EMPTY_BODY = YES;
				CLANG_WARN_ENUM_CONVERSION = YES;
				CLANG_WARN_INFINITE_RECURSION = YES;
				CLANG_WARN_INT_CONVERSION = YES;
				CLANG_WARN_NON_LITERAL_NULL_CONVERSION = YES;
				CLANG_WARN_OBJC_IMPLICIT_RETAIN_SELF = YES;
				CLANG_WARN_OBJC_LITERAL_CONVERSION = YES;
				CLANG_WARN_OBJC_ROOT_CLASS = YES_ERROR;
				CLANG_WARN_QUOTED_INCLUDE_IN_FRAMEWORK_HEADER = YES;
				CLANG_WARN_RANGE_LOOP_ANALYSIS = YES;
				CLANG_WARN_STRICT_PROTOTYPES = YES;
				CLANG_WARN_SUSPICIOUS_MOVE = YES;
				CLANG_WARN_UNGUARDED_AVAILABILITY = YES_AGGRESSIVE;
				CLANG_WARN_UNREACHABLE_CODE = YES;
				CLANG_WARN__DUPLICATE_METHOD_MATCH = YES;
				COPY_PHASE_STRIP = NO;
				DEBUG_INFORMATION_FORMAT = dwarf;
				ENABLE_STRICT_OBJC_MSGSEND = YES;
				ENABLE_TESTABILITY = YES;
				GCC_C_LANGUAGE_STANDARD = gnu11;
				GCC_DYNAMIC_NO_PIC = NO;
				GCC_NO_COMMON_BLOCKS = YES;
				GCC_OPTIMIZATION_LEVEL = 0;
				GCC_PREPROCESSOR_DEFINITIONS = (
					"DEBUG=1",
					"$(inherited)",
				);
				GCC_WARN_64_TO_32_BIT_CONVERSION = YES;
				GCC_WARN_ABOUT_RETURN_TYPE = YES_ERROR;
				GCC_WARN_UNDECLARED_SELECTOR = YES;
				GCC_WARN_UNINITIALIZED_AUTOS = YES_AGGRESSIVE;
				GCC_WARN_UNUSED_FUNCTION = YES;
				GCC_WARN_UNUSED_VARIABLE = YES;
				IPHONEOS_DEPLOYMENT_TARGET = 16.4;
				MTL_ENABLE_DEBUG_INFO = INCLUDE_SOURCE;
				MTL_FAST_MATH = YES;
				ONLY_ACTIVE_ARCH = YES;
				SDKROOT = iphoneos;
				SWIFT_ACTIVE_COMPILATION_CONDITIONS = DEBUG;
				SWIFT_OPTIMIZATION_LEVEL = "-Onone";
			};
			name = Debug;
		};
		85C1B66A2A39FE5800BEAF2F /* Release */ = {
			isa = XCBuildConfiguration;
			buildSettings = {
				ALWAYS_SEARCH_USER_PATHS = NO;
				CLANG_ANALYZER_NONNULL = YES;
				CLANG_ANALYZER_NUMBER_OBJECT_CONVERSION = YES_AGGRESSIVE;
				CLANG_CXX_LANGUAGE_STANDARD = "gnu++20";
				CLANG_ENABLE_MODULES = YES;
				CLANG_ENABLE_OBJC_ARC = YES;
				CLANG_ENABLE_OBJC_WEAK = YES;
				CLANG_WARN_BLOCK_CAPTURE_AUTORELEASING = YES;
				CLANG_WARN_BOOL_CONVERSION = YES;
				CLANG_WARN_COMMA = YES;
				CLANG_WARN_CONSTANT_CONVERSION = YES;
				CLANG_WARN_DEPRECATED_OBJC_IMPLEMENTATIONS = YES;
				CLANG_WARN_DIRECT_OBJC_ISA_USAGE = YES_ERROR;
				CLANG_WARN_DOCUMENTATION_COMMENTS = YES;
				CLANG_WARN_EMPTY_BODY = YES;
				CLANG_WARN_ENUM_CONVERSION = YES;
				CLANG_WARN_INFINITE_RECURSION = YES;
				CLANG_WARN_INT_CONVERSION = YES;
				CLANG_WARN_NON_LITERAL_NULL_CONVERSION = YES;
				CLANG_WARN_OBJC_IMPLICIT_RETAIN_SELF = YES;
				CLANG_WARN_OBJC_LITERAL_CONVERSION = YES;
				CLANG_WARN_OBJC_ROOT_CLASS = YES_ERROR;
				CLANG_WARN_QUOTED_INCLUDE_IN_FRAMEWORK_HEADER = YES;
				CLANG_WARN_RANGE_LOOP_ANALYSIS = YES;
				CLANG_WARN_STRICT_PROTOTYPES = YES;
				CLANG_WARN_SUSPICIOUS_MOVE = YES;
				CLANG_WARN_UNGUARDED_AVAILABILITY = YES_AGGRESSIVE;
				CLANG_WARN_UNREACHABLE_CODE = YES;
				CLANG_WARN__DUPLICATE_METHOD_MATCH = YES;
				COPY_PHASE_STRIP = NO;
				DEBUG_INFORMATION_FORMAT = "dwarf-with-dsym";
				ENABLE_NS_ASSERTIONS = NO;
				ENABLE_STRICT_OBJC_MSGSEND = YES;
				GCC_C_LANGUAGE_STANDARD = gnu11;
				GCC_NO_COMMON_BLOCKS = YES;
				GCC_WARN_64_TO_32_BIT_CONVERSION = YES;
				GCC_WARN_ABOUT_RETURN_TYPE = YES_ERROR;
				GCC_WARN_UNDECLARED_SELECTOR = YES;
				GCC_WARN_UNINITIALIZED_AUTOS = YES_AGGRESSIVE;
				GCC_WARN_UNUSED_FUNCTION = YES;
				GCC_WARN_UNUSED_VARIABLE = YES;
				IPHONEOS_DEPLOYMENT_TARGET = 16.4;
				MTL_ENABLE_DEBUG_INFO = NO;
				MTL_FAST_MATH = YES;
				SDKROOT = iphoneos;
				SWIFT_COMPILATION_MODE = wholemodule;
				SWIFT_OPTIMIZATION_LEVEL = "-O";
				VALIDATE_PRODUCT = YES;
			};
			name = Release;
		};
		85C1B66C2A39FE5800BEAF2F /* Debug */ = {
			isa = XCBuildConfiguration;
			baseConfigurationReference = 84CC89D4F3A988B2F794987D /* Pods-Dishly.debug.xcconfig */;
			buildSettings = {
				ASSETCATALOG_COMPILER_APPICON_NAME = AppIcon;
				ASSETCATALOG_COMPILER_GLOBAL_ACCENT_COLOR_NAME = AccentColor;
				CODE_SIGN_STYLE = Automatic;
				CURRENT_PROJECT_VERSION = 1;
				DEVELOPMENT_TEAM = PNL8X2N9J2;
				GENERATE_INFOPLIST_FILE = YES;
				INFOPLIST_FILE = Dishly/Info.plist;
				INFOPLIST_KEY_UIApplicationSupportsIndirectInputEvents = YES;
				INFOPLIST_KEY_UILaunchStoryboardName = LaunchScreen;
				INFOPLIST_KEY_UIMainStoryboardFile = Main;
				INFOPLIST_KEY_UISupportedInterfaceOrientations_iPad = "UIInterfaceOrientationPortrait UIInterfaceOrientationPortraitUpsideDown UIInterfaceOrientationLandscapeLeft UIInterfaceOrientationLandscapeRight";
				INFOPLIST_KEY_UISupportedInterfaceOrientations_iPhone = "UIInterfaceOrientationPortrait UIInterfaceOrientationLandscapeLeft UIInterfaceOrientationLandscapeRight";
				LD_RUNPATH_SEARCH_PATHS = (
					"$(inherited)",
					"@executable_path/Frameworks",
				);
				MARKETING_VERSION = 1.0;
				PRODUCT_BUNDLE_IDENTIFIER = com.vladimiroff.Dishly;
				PRODUCT_NAME = "$(TARGET_NAME)";
				SWIFT_EMIT_LOC_STRINGS = YES;
				SWIFT_VERSION = 5.0;
				TARGETED_DEVICE_FAMILY = "1,2";
			};
			name = Debug;
		};
		85C1B66D2A39FE5800BEAF2F /* Release */ = {
			isa = XCBuildConfiguration;
			baseConfigurationReference = C37B7E4D901A1FF8C3C4D501 /* Pods-Dishly.release.xcconfig */;
			buildSettings = {
				ASSETCATALOG_COMPILER_APPICON_NAME = AppIcon;
				ASSETCATALOG_COMPILER_GLOBAL_ACCENT_COLOR_NAME = AccentColor;
				CODE_SIGN_STYLE = Automatic;
				CURRENT_PROJECT_VERSION = 1;
				DEVELOPMENT_TEAM = PNL8X2N9J2;
				GENERATE_INFOPLIST_FILE = YES;
				INFOPLIST_FILE = Dishly/Info.plist;
				INFOPLIST_KEY_UIApplicationSupportsIndirectInputEvents = YES;
				INFOPLIST_KEY_UILaunchStoryboardName = LaunchScreen;
				INFOPLIST_KEY_UIMainStoryboardFile = Main;
				INFOPLIST_KEY_UISupportedInterfaceOrientations_iPad = "UIInterfaceOrientationPortrait UIInterfaceOrientationPortraitUpsideDown UIInterfaceOrientationLandscapeLeft UIInterfaceOrientationLandscapeRight";
				INFOPLIST_KEY_UISupportedInterfaceOrientations_iPhone = "UIInterfaceOrientationPortrait UIInterfaceOrientationLandscapeLeft UIInterfaceOrientationLandscapeRight";
				LD_RUNPATH_SEARCH_PATHS = (
					"$(inherited)",
					"@executable_path/Frameworks",
				);
				MARKETING_VERSION = 1.0;
				PRODUCT_BUNDLE_IDENTIFIER = com.vladimiroff.Dishly;
				PRODUCT_NAME = "$(TARGET_NAME)";
				SWIFT_EMIT_LOC_STRINGS = YES;
				SWIFT_VERSION = 5.0;
				TARGETED_DEVICE_FAMILY = "1,2";
			};
			name = Release;
		};
/* End XCBuildConfiguration section */

/* Begin XCConfigurationList section */
		85C1B6522A39FE5700BEAF2F /* Build configuration list for PBXProject "Dishly" */ = {
			isa = XCConfigurationList;
			buildConfigurations = (
				85C1B6692A39FE5800BEAF2F /* Debug */,
				85C1B66A2A39FE5800BEAF2F /* Release */,
			);
			defaultConfigurationIsVisible = 0;
			defaultConfigurationName = Release;
		};
		85C1B66B2A39FE5800BEAF2F /* Build configuration list for PBXNativeTarget "Dishly" */ = {
			isa = XCConfigurationList;
			buildConfigurations = (
				85C1B66C2A39FE5800BEAF2F /* Debug */,
				85C1B66D2A39FE5800BEAF2F /* Release */,
			);
			defaultConfigurationIsVisible = 0;
			defaultConfigurationName = Release;
		};
/* End XCConfigurationList section */

/* Begin XCRemoteSwiftPackageReference section */
		85C1B7462A517F5500BEAF2F /* XCRemoteSwiftPackageReference "realm-swift" */ = {
			isa = XCRemoteSwiftPackageReference;
			repositoryURL = "https://github.com/realm/realm-swift.git";
			requirement = {
				kind = upToNextMajorVersion;
				minimumVersion = 10.41.0;
			};
		};
/* End XCRemoteSwiftPackageReference section */

/* Begin XCSwiftPackageProductDependency section */
		85C1B7472A517F5500BEAF2F /* Realm */ = {
			isa = XCSwiftPackageProductDependency;
			package = 85C1B7462A517F5500BEAF2F /* XCRemoteSwiftPackageReference "realm-swift" */;
			productName = Realm;
		};
		85C1B7492A517F5500BEAF2F /* RealmSwift */ = {
			isa = XCSwiftPackageProductDependency;
			package = 85C1B7462A517F5500BEAF2F /* XCRemoteSwiftPackageReference "realm-swift" */;
			productName = RealmSwift;
		};
/* End XCSwiftPackageProductDependency section */
	};
	rootObject = 85C1B64F2A39FE5700BEAF2F /* Project object */;
}
